// !$*UTF8*$!
{
	archiveVersion = 1;
	classes = {
	};
	objectVersion = 50;
	objects = {

/* Begin PBXBuildFile section */
		EB08F5CA218A127F008E1DC4 /* armadillo.obj in Resources */ = {isa = PBXBuildFile; fileRef = EB08F5C9218A127F008E1DC4 /* armadillo.obj */; };
		EB08F5CC218A15B6008E1DC4 /* pirate_ship.obj in Resources */ = {isa = PBXBuildFile; fileRef = EB08F5CB218A15B6008E1DC4 /* pirate_ship.obj */; };
		EB08F5CE218A16E8008E1DC4 /* PirateShip.swift in Sources */ = {isa = PBXBuildFile; fileRef = EB08F5CD218A16E8008E1DC4 /* PirateShip.swift */; };
		EB08F5D0218A20FA008E1DC4 /* pirate_ship.mtl in Resources */ = {isa = PBXBuildFile; fileRef = EB08F5CF218A20FA008E1DC4 /* pirate_ship.mtl */; };
		EB08F5D2218A9824008E1DC4 /* suzanne.obj in Resources */ = {isa = PBXBuildFile; fileRef = EB08F5D1218A9823008E1DC4 /* suzanne.obj */; };
		EB08F5D4218A983C008E1DC4 /* Suzanne.swift in Sources */ = {isa = PBXBuildFile; fileRef = EB08F5D3218A983C008E1DC4 /* Suzanne.swift */; };
		EB08F5D6218AA18B008E1DC4 /* cruiser.obj in Resources */ = {isa = PBXBuildFile; fileRef = EB08F5D5218AA18B008E1DC4 /* cruiser.obj */; };
		EB08F5D8218AA1A0008E1DC4 /* cruiser.bmp in Resources */ = {isa = PBXBuildFile; fileRef = EB08F5D7218AA19F008E1DC4 /* cruiser.bmp */; };
		EB08F5DA218AA30F008E1DC4 /* Cruiser.swift in Sources */ = {isa = PBXBuildFile; fileRef = EB08F5D9218AA30F008E1DC4 /* Cruiser.swift */; };
		EB3D126E217A9EBE00FD4CF6 /* AppDelegate.swift in Sources */ = {isa = PBXBuildFile; fileRef = EB3D126D217A9EBE00FD4CF6 /* AppDelegate.swift */; };
		EB3D1275217A9EBF00FD4CF6 /* Main.storyboard in Resources */ = {isa = PBXBuildFile; fileRef = EB3D1273217A9EBF00FD4CF6 /* Main.storyboard */; };
		EB3D1281217A9EBF00FD4CF6 /* The_Dark_PlaceTests.swift in Sources */ = {isa = PBXBuildFile; fileRef = EB3D1280217A9EBF00FD4CF6 /* The_Dark_PlaceTests.swift */; };
		EB3D128E217AAEED00FD4CF6 /* MainView.swift in Sources */ = {isa = PBXBuildFile; fileRef = EB3D128D217AAEED00FD4CF6 /* MainView.swift */; };
		EB3D1290217AB6CB00FD4CF6 /* Renderer.swift in Sources */ = {isa = PBXBuildFile; fileRef = EB3D128F217AB6CB00FD4CF6 /* Renderer.swift */; };
		EB3D1293217AB76E00FD4CF6 /* DarkEngine.swift in Sources */ = {isa = PBXBuildFile; fileRef = EB3D1292217AB76E00FD4CF6 /* DarkEngine.swift */; };
		EB3D1296217AB95D00FD4CF6 /* Colors.swift in Sources */ = {isa = PBXBuildFile; fileRef = EB3D1295217AB95D00FD4CF6 /* Colors.swift */; };
		EB3D1299217AC49000FD4CF6 /* Types.swift in Sources */ = {isa = PBXBuildFile; fileRef = EB3D1298217AC49000FD4CF6 /* Types.swift */; };
		EB3D129C217ACA6400FD4CF6 /* BasicShaders.metal in Sources */ = {isa = PBXBuildFile; fileRef = EB3D129B217ACA6400FD4CF6 /* BasicShaders.metal */; };
		EB3D12A0217AD24800FD4CF6 /* RenderPipelineStateLibrary.swift in Sources */ = {isa = PBXBuildFile; fileRef = EB3D129F217AD24800FD4CF6 /* RenderPipelineStateLibrary.swift */; };
		EB3D12A8217AD94D00FD4CF6 /* Library.swift in Sources */ = {isa = PBXBuildFile; fileRef = EB3D12A7217AD94D00FD4CF6 /* Library.swift */; };
		EB3D12AA217ADFB100FD4CF6 /* Graphics.swift in Sources */ = {isa = PBXBuildFile; fileRef = EB3D12A9217ADFB100FD4CF6 /* Graphics.swift */; };
		EB3D12AF217AE6DB00FD4CF6 /* VertexDescriptorLibrary.swift in Sources */ = {isa = PBXBuildFile; fileRef = EB3D12AE217AE6DB00FD4CF6 /* VertexDescriptorLibrary.swift */; };
		EB3D12B1217AEA4100FD4CF6 /* VertexShaderLibrary.swift in Sources */ = {isa = PBXBuildFile; fileRef = EB3D12B0217AEA4100FD4CF6 /* VertexShaderLibrary.swift */; };
		EB3D12B3217AED9100FD4CF6 /* FragmentShaderLibrary.swift in Sources */ = {isa = PBXBuildFile; fileRef = EB3D12B2217AED9100FD4CF6 /* FragmentShaderLibrary.swift */; };
		EB3D12B6217AF22A00FD4CF6 /* Node.swift in Sources */ = {isa = PBXBuildFile; fileRef = EB3D12B5217AF22A00FD4CF6 /* Node.swift */; };
		EB3D12B9217AF2C200FD4CF6 /* Renderable.swift in Sources */ = {isa = PBXBuildFile; fileRef = EB3D12B8217AF2C200FD4CF6 /* Renderable.swift */; };
		EB3D12BC217AF34C00FD4CF6 /* GameObject.swift in Sources */ = {isa = PBXBuildFile; fileRef = EB3D12BB217AF34C00FD4CF6 /* GameObject.swift */; };
		EB3D12BF217D09FD00FD4CF6 /* MeshLibrary.swift in Sources */ = {isa = PBXBuildFile; fileRef = EB3D12BE217D09FD00FD4CF6 /* MeshLibrary.swift */; };
		EB3D12CB217D0DD000FD4CF6 /* CustomMesh.swift in Sources */ = {isa = PBXBuildFile; fileRef = EB3D12CA217D0DD000FD4CF6 /* CustomMesh.swift */; };
		EB3D12CD217D0E7700FD4CF6 /* Mesh.swift in Sources */ = {isa = PBXBuildFile; fileRef = EB3D12CC217D0E7700FD4CF6 /* Mesh.swift */; };
		EB3D12CF217D0EA100FD4CF6 /* Triangle_CustomMesh.swift in Sources */ = {isa = PBXBuildFile; fileRef = EB3D12CE217D0EA100FD4CF6 /* Triangle_CustomMesh.swift */; };
		EB3D12D2217D10E900FD4CF6 /* Entities.swift in Sources */ = {isa = PBXBuildFile; fileRef = EB3D12D1217D10E900FD4CF6 /* Entities.swift */; };
		EB3D12E0217D1D6900FD4CF6 /* SceneManager.swift in Sources */ = {isa = PBXBuildFile; fileRef = EB3D12DF217D1D6900FD4CF6 /* SceneManager.swift */; };
		EB3D12E4217D1DE600FD4CF6 /* Scene.swift in Sources */ = {isa = PBXBuildFile; fileRef = EB3D12E3217D1DE600FD4CF6 /* Scene.swift */; };
		EB3D12E7217D1F5200FD4CF6 /* PlaygroundScene.swift in Sources */ = {isa = PBXBuildFile; fileRef = EB3D12E6217D1F5200FD4CF6 /* PlaygroundScene.swift */; };
		EB3D12E9217D207100FD4CF6 /* GameHandler.swift in Sources */ = {isa = PBXBuildFile; fileRef = EB3D12E8217D207100FD4CF6 /* GameHandler.swift */; };
		EB3D12EC217D24B800FD4CF6 /* Triangle.swift in Sources */ = {isa = PBXBuildFile; fileRef = EB3D12EB217D24B800FD4CF6 /* Triangle.swift */; };
		EB3D12F1217D257900FD4CF6 /* Math.swift in Sources */ = {isa = PBXBuildFile; fileRef = EB3D12F0217D257900FD4CF6 /* Math.swift */; };
		EB3D12F4217D28E300FD4CF6 /* matrix_float4x4.swift in Sources */ = {isa = PBXBuildFile; fileRef = EB3D12F3217D28E300FD4CF6 /* matrix_float4x4.swift */; };
		EB3D12F8217D2EC700FD4CF6 /* GameTime.swift in Sources */ = {isa = PBXBuildFile; fileRef = EB3D12F7217D2EC700FD4CF6 /* GameTime.swift */; };
		EB3D12FC217D352400FD4CF6 /* Camera.swift in Sources */ = {isa = PBXBuildFile; fileRef = EB3D12FB217D352400FD4CF6 /* Camera.swift */; };
		EB3D1300217D3A7300FD4CF6 /* Camera_Debug.swift in Sources */ = {isa = PBXBuildFile; fileRef = EB3D12FF217D3A7300FD4CF6 /* Camera_Debug.swift */; };
		EB3D1302217D43E200FD4CF6 /* DepthStencilStateLibrary.swift in Sources */ = {isa = PBXBuildFile; fileRef = EB3D1301217D43E200FD4CF6 /* DepthStencilStateLibrary.swift */; };
		EB3D1308217D49DF00FD4CF6 /* GameView.swift in Sources */ = {isa = PBXBuildFile; fileRef = EB3D1307217D49DF00FD4CF6 /* GameView.swift */; };
		EB3D130A217D4D1100FD4CF6 /* Cube_CustomMesh.swift in Sources */ = {isa = PBXBuildFile; fileRef = EB3D1309217D4D1100FD4CF6 /* Cube_CustomMesh.swift */; };
		EB3D130C217D4D2600FD4CF6 /* Cube.swift in Sources */ = {isa = PBXBuildFile; fileRef = EB3D130B217D4D2600FD4CF6 /* Cube.swift */; };
		EB3D130E217EC14E00FD4CF6 /* Quad_CustomMesh.swift in Sources */ = {isa = PBXBuildFile; fileRef = EB3D130D217EC14E00FD4CF6 /* Quad_CustomMesh.swift */; };
		EB3D1310217EC2B500FD4CF6 /* Quad.swift in Sources */ = {isa = PBXBuildFile; fileRef = EB3D130F217EC2B500FD4CF6 /* Quad.swift */; };
		EB41D3A421A9993500869330 /* crazyFont.fnt in Resources */ = {isa = PBXBuildFile; fileRef = EB41D3A221A9993400869330 /* crazyFont.fnt */; };
		EB41D3A521A9993500869330 /* crazyFont.png in Resources */ = {isa = PBXBuildFile; fileRef = EB41D3A321A9993500869330 /* crazyFont.png */; };
		EB41D3AE21A9A86900869330 /* String.swift in Sources */ = {isa = PBXBuildFile; fileRef = EB41D3AD21A9A86900869330 /* String.swift */; };
		EB41D3C021AA07B300869330 /* TextGUI.swift in Sources */ = {isa = PBXBuildFile; fileRef = EB41D3BF21AA07B300869330 /* TextGUI.swift */; };
		EB41D3C521AA08EE00869330 /* FontRendering.metal in Sources */ = {isa = PBXBuildFile; fileRef = EB41D3C421AA08EE00869330 /* FontRendering.metal */; };
		EB41D3C721AA475F00869330 /* TextMeshLibrary.swift in Sources */ = {isa = PBXBuildFile; fileRef = EB41D3C621AA475F00869330 /* TextMeshLibrary.swift */; };
		EB41D3C921AA4A7F00869330 /* TextLoader.swift in Sources */ = {isa = PBXBuildFile; fileRef = EB41D3C821AA4A7F00869330 /* TextLoader.swift */; };
		EB41D3CB21AA4C7800869330 /* TextMesh.swift in Sources */ = {isa = PBXBuildFile; fileRef = EB41D3CA21AA4C7800869330 /* TextMesh.swift */; };
		EB463150219FDEE600F67B66 /* DepthShaders.metal in Sources */ = {isa = PBXBuildFile; fileRef = EB46314F219FDEE600F67B66 /* DepthShaders.metal */; };
		EB4EA358219A413900C34DAB /* blendMap.png in Resources */ = {isa = PBXBuildFile; fileRef = EB4EA357219A413900C34DAB /* blendMap.png */; };
		EB4EA35A219A414600C34DAB /* mud.png in Resources */ = {isa = PBXBuildFile; fileRef = EB4EA359219A414600C34DAB /* mud.png */; };
		EB4EA35C219A415100C34DAB /* grassy2.png in Resources */ = {isa = PBXBuildFile; fileRef = EB4EA35B219A415100C34DAB /* grassy2.png */; };
		EB4EA35E219A415800C34DAB /* path.png in Resources */ = {isa = PBXBuildFile; fileRef = EB4EA35D219A415800C34DAB /* path.png */; };
		EB4EA360219A417700C34DAB /* grassFlowers.png in Resources */ = {isa = PBXBuildFile; fileRef = EB4EA35F219A417700C34DAB /* grassFlowers.png */; };
		EB5287F0219A894F00EC7EAF /* Tent.swift in Sources */ = {isa = PBXBuildFile; fileRef = EB5287EF219A894F00EC7EAF /* Tent.swift */; };
		EB5287F2219A8A6500EC7EAF /* Campfire.swift in Sources */ = {isa = PBXBuildFile; fileRef = EB5287F1219A8A6500EC7EAF /* Campfire.swift */; };
		EB5AFF7C218780CD000E30B4 /* ModelGameObject.swift in Sources */ = {isa = PBXBuildFile; fileRef = EB5AFF7B218780CD000E30B4 /* ModelGameObject.swift */; };
		EB5AFF8D2188049A000E30B4 /* ModelShaders.metal in Sources */ = {isa = PBXBuildFile; fileRef = EB5AFF8C2188049A000E30B4 /* ModelShaders.metal */; };
		EB5AFF9921880758000E30B4 /* ModelMesh.swift in Sources */ = {isa = PBXBuildFile; fileRef = EB5AFF9821880758000E30B4 /* ModelMesh.swift */; };
		EB5AFF9E2188083B000E30B4 /* Armadillo.swift in Sources */ = {isa = PBXBuildFile; fileRef = EB5AFF9D2188083A000E30B4 /* Armadillo.swift */; };
		EB6A0FF12182AB920036DB93 /* SkyboxShader.metal in Sources */ = {isa = PBXBuildFile; fileRef = EB6A0FF02182AB920036DB93 /* SkyboxShader.metal */; };
		EB6A0FF32182ADCD0036DB93 /* SharedMetal.metal in Sources */ = {isa = PBXBuildFile; fileRef = EB6A0FF22182ADCD0036DB93 /* SharedMetal.metal */; };
		EB6A0FF52182B5FF0036DB93 /* SkyboxGameObject.swift in Sources */ = {isa = PBXBuildFile; fileRef = EB6A0FF42182B5FF0036DB93 /* SkyboxGameObject.swift */; };
		EB6A0FF92184E03C0036DB93 /* Assets.xcassets in Resources */ = {isa = PBXBuildFile; fileRef = EB6A0FF82184E03C0036DB93 /* Assets.xcassets */; };
		EB6A10022184F86A0036DB93 /* sky_front.png in Resources */ = {isa = PBXBuildFile; fileRef = EB6A0FFC2184F8690036DB93 /* sky_front.png */; };
		EB6A10032184F86A0036DB93 /* sky_left.png in Resources */ = {isa = PBXBuildFile; fileRef = EB6A0FFD2184F8690036DB93 /* sky_left.png */; };
		EB6A10042184F86A0036DB93 /* sky_right.png in Resources */ = {isa = PBXBuildFile; fileRef = EB6A0FFE2184F8690036DB93 /* sky_right.png */; };
		EB6A10052184F86A0036DB93 /* sky_back.png in Resources */ = {isa = PBXBuildFile; fileRef = EB6A0FFF2184F8690036DB93 /* sky_back.png */; };
		EB6A10072184F86A0036DB93 /* sky_top.png in Resources */ = {isa = PBXBuildFile; fileRef = EB6A10012184F8690036DB93 /* sky_top.png */; };
		EB6A1009218502050036DB93 /* NSImage.swift in Sources */ = {isa = PBXBuildFile; fileRef = EB6A1008218502050036DB93 /* NSImage.swift */; };
		EB6A1019218519850036DB93 /* sky_bottom.png in Resources */ = {isa = PBXBuildFile; fileRef = EB6A1018218519840036DB93 /* sky_bottom.png */; };
		EB7AFAF4218008B1001D8172 /* Options.swift in Sources */ = {isa = PBXBuildFile; fileRef = EB7AFAF3218008B1001D8172 /* Options.swift */; };
		EB7EA6AB219270E9009135E7 /* statue.obj in Resources */ = {isa = PBXBuildFile; fileRef = EB7EA6AA219270E9009135E7 /* statue.obj */; };
		EB7EA6AD219271B6009135E7 /* Statue.swift in Sources */ = {isa = PBXBuildFile; fileRef = EB7EA6AC219271B6009135E7 /* Statue.swift */; };
		EB7EA6AF21927336009135E7 /* globe.obj in Resources */ = {isa = PBXBuildFile; fileRef = EB7EA6AE21927336009135E7 /* globe.obj */; };
		EB7EA6B121927399009135E7 /* Globe.swift in Sources */ = {isa = PBXBuildFile; fileRef = EB7EA6B021927399009135E7 /* Globe.swift */; };
		EB7EA6B321927521009135E7 /* globe_moon.mat in Resources */ = {isa = PBXBuildFile; fileRef = EB7EA6B221927521009135E7 /* globe_moon.mat */; };
		EB7EA6BA219275A1009135E7 /* globe_compass.mat in Resources */ = {isa = PBXBuildFile; fileRef = EB7EA6B5219275A0009135E7 /* globe_compass.mat */; };
		EB7EA6BF2192775D009135E7 /* Card.swift in Sources */ = {isa = PBXBuildFile; fileRef = EB7EA6BE2192775D009135E7 /* Card.swift */; };
		EBB5C69D219927060006663F /* SamplerStateLibrary.swift in Sources */ = {isa = PBXBuildFile; fileRef = EBB5C69C219927060006663F /* SamplerStateLibrary.swift */; };
		EBB5C69F21993E400006663F /* RenderPassDescriptorLibrary.swift in Sources */ = {isa = PBXBuildFile; fileRef = EBB5C69E21993E400006663F /* RenderPassDescriptorLibrary.swift */; };
		EBC3CD45218AB4DF00E905FA /* InstancedGameObject.swift in Sources */ = {isa = PBXBuildFile; fileRef = EBC3CD44218AB4DF00E905FA /* InstancedGameObject.swift */; };
		EBC3CD49218BE7C700E905FA /* InstancedShaders.metal in Sources */ = {isa = PBXBuildFile; fileRef = EBC3CD48218BE7C700E905FA /* InstancedShaders.metal */; };
		EBC3CD4B218BE8C000E905FA /* GrassPatch.swift in Sources */ = {isa = PBXBuildFile; fileRef = EBC3CD4A218BE8C000E905FA /* GrassPatch.swift */; };
		EBEACB8F219A60CE001577B5 /* MultiTerrainTexture.swift in Sources */ = {isa = PBXBuildFile; fileRef = EBEACB8E219A60CE001577B5 /* MultiTerrainTexture.swift */; };
		EBEACB96219A796C001577B5 /* MultiTextureTerrain.swift in Sources */ = {isa = PBXBuildFile; fileRef = EBEACB95219A796C001577B5 /* MultiTextureTerrain.swift */; };
		EBEACB98219A7C15001577B5 /* SingleTextureTerrain.swift in Sources */ = {isa = PBXBuildFile; fileRef = EBEACB97219A7C15001577B5 /* SingleTextureTerrain.swift */; };
		EBEACBA1219A7F45001577B5 /* Tent_Poles_01.obj in Resources */ = {isa = PBXBuildFile; fileRef = EBEACBA0219A7F44001577B5 /* Tent_Poles_01.obj */; };
		EBEACBA3219A7F4C001577B5 /* Tent_Poles_01.mtl in Resources */ = {isa = PBXBuildFile; fileRef = EBEACBA2219A7F4C001577B5 /* Tent_Poles_01.mtl */; };
		EBEACBA6219A7F59001577B5 /* Campfire_01.obj in Resources */ = {isa = PBXBuildFile; fileRef = EBEACBA4219A7F59001577B5 /* Campfire_01.obj */; };
		EBEACBA7219A7F59001577B5 /* Campfire_01.mtl in Resources */ = {isa = PBXBuildFile; fileRef = EBEACBA5219A7F59001577B5 /* Campfire_01.mtl */; };
		EBEACBAA219A7F63001577B5 /* Mushroom_Red_01.mtl in Resources */ = {isa = PBXBuildFile; fileRef = EBEACBA8219A7F63001577B5 /* Mushroom_Red_01.mtl */; };
		EBEACBAB219A7F63001577B5 /* Mushroom_Red_01.obj in Resources */ = {isa = PBXBuildFile; fileRef = EBEACBA9219A7F63001577B5 /* Mushroom_Red_01.obj */; };
		EBEACBAE219A7F71001577B5 /* Tent_01.obj in Resources */ = {isa = PBXBuildFile; fileRef = EBEACBAC219A7F71001577B5 /* Tent_01.obj */; };
		EBEACBAF219A7F71001577B5 /* Tent_01.mtl in Resources */ = {isa = PBXBuildFile; fileRef = EBEACBAD219A7F71001577B5 /* Tent_01.mtl */; };
		EBEACBB1219A804E001577B5 /* TentPoles.swift in Sources */ = {isa = PBXBuildFile; fileRef = EBEACBB0219A804E001577B5 /* TentPoles.swift */; };
		EBF0E0A521856EE60021E67E /* CubeTextureLibrary.swift in Sources */ = {isa = PBXBuildFile; fileRef = EBF0E0A421856EE60021E67E /* CubeTextureLibrary.swift */; };
		EBF0E0AF21859D590021E67E /* Mouse.swift in Sources */ = {isa = PBXBuildFile; fileRef = EBF0E0AC21859D590021E67E /* Mouse.swift */; };
		EBF0E0B021859D590021E67E /* Keyboard.swift in Sources */ = {isa = PBXBuildFile; fileRef = EBF0E0AD21859D590021E67E /* Keyboard.swift */; };
		EBF0E0B121859D590021E67E /* KeyCodes.swift in Sources */ = {isa = PBXBuildFile; fileRef = EBF0E0AE21859D590021E67E /* KeyCodes.swift */; };
		EBF0E0E9218617A20021E67E /* TerrainGameObject.swift in Sources */ = {isa = PBXBuildFile; fileRef = EBF0E0E8218617A20021E67E /* TerrainGameObject.swift */; };
		EBF0E0EB218638AA0021E67E /* TerrainShaders.metal in Sources */ = {isa = PBXBuildFile; fileRef = EBF0E0EA218638AA0021E67E /* TerrainShaders.metal */; };
		EBF0E0ED218642AD0021E67E /* TextureLibrary.swift in Sources */ = {isa = PBXBuildFile; fileRef = EBF0E0EC218642AD0021E67E /* TextureLibrary.swift */; };
		EBF0E0F0218643920021E67E /* TextureLoader.swift in Sources */ = {isa = PBXBuildFile; fileRef = EBF0E0EF218643920021E67E /* TextureLoader.swift */; };
		EBF0E0F4218645B30021E67E /* grass.png in Resources */ = {isa = PBXBuildFile; fileRef = EBF0E0F3218645B30021E67E /* grass.png */; };
		EBF0E0F6218649230021E67E /* face.png in Resources */ = {isa = PBXBuildFile; fileRef = EBF0E0F5218649230021E67E /* face.png */; };
		EBF0E0F821864F730021E67E /* Materialable.swift in Sources */ = {isa = PBXBuildFile; fileRef = EBF0E0F721864F730021E67E /* Materialable.swift */; };
		EBF0E0FA21866F690021E67E /* standing_grass.png in Resources */ = {isa = PBXBuildFile; fileRef = EBF0E0F921866F690021E67E /* standing_grass.png */; };
		EBF0E0FC218680B50021E67E /* StandingGrass.swift in Sources */ = {isa = PBXBuildFile; fileRef = EBF0E0FB218680B50021E67E /* StandingGrass.swift */; };
		EBF0E0FE218691000021E67E /* float4.swift in Sources */ = {isa = PBXBuildFile; fileRef = EBF0E0FD218691000021E67E /* float4.swift */; };
		EBF0E1002186A0620021E67E /* TerrainLoader.swift in Sources */ = {isa = PBXBuildFile; fileRef = EBF0E0FF2186A0620021E67E /* TerrainLoader.swift */; };
		EBF0E1022186A2B20021E67E /* TerrainMesh.swift in Sources */ = {isa = PBXBuildFile; fileRef = EBF0E1012186A2B20021E67E /* TerrainMesh.swift */; };
		EBF6790B219BBA09004CF536 /* crate.obj in Resources */ = {isa = PBXBuildFile; fileRef = EBF67902219BBA08004CF536 /* crate.obj */; };
		EBF6790C219BBA09004CF536 /* barrel.png in Resources */ = {isa = PBXBuildFile; fileRef = EBF67903219BBA08004CF536 /* barrel.png */; };
		EBF6790D219BBA09004CF536 /* barrel.obj in Resources */ = {isa = PBXBuildFile; fileRef = EBF67904219BBA08004CF536 /* barrel.obj */; };
		EBF6790E219BBA09004CF536 /* boulder.obj in Resources */ = {isa = PBXBuildFile; fileRef = EBF67905219BBA09004CF536 /* boulder.obj */; };
		EBF6790F219BBA09004CF536 /* barrelNormal.png in Resources */ = {isa = PBXBuildFile; fileRef = EBF67906219BBA09004CF536 /* barrelNormal.png */; };
		EBF67910219BBA09004CF536 /* boulderNormal.png in Resources */ = {isa = PBXBuildFile; fileRef = EBF67907219BBA09004CF536 /* boulderNormal.png */; };
		EBF67911219BBA09004CF536 /* crateNormal.png in Resources */ = {isa = PBXBuildFile; fileRef = EBF67908219BBA09004CF536 /* crateNormal.png */; };
		EBF67912219BBA09004CF536 /* crate.png in Resources */ = {isa = PBXBuildFile; fileRef = EBF67909219BBA09004CF536 /* crate.png */; };
		EBF67913219BBA09004CF536 /* boulder.png in Resources */ = {isa = PBXBuildFile; fileRef = EBF6790A219BBA09004CF536 /* boulder.png */; };
		EBF67915219BBA54004CF536 /* Barrel.swift in Sources */ = {isa = PBXBuildFile; fileRef = EBF67914219BBA54004CF536 /* Barrel.swift */; };
		EBF8570E21A4F94F00D629B4 /* bird.png in Resources */ = {isa = PBXBuildFile; fileRef = EBF8570D21A4F94F00D629B4 /* bird.png */; };
		EBF8571721A513F400D629B4 /* SpriteSheetLibrary.swift in Sources */ = {isa = PBXBuildFile; fileRef = EBF8571621A513F400D629B4 /* SpriteSheetLibrary.swift */; };
		EBF8571D21A5DDB300D629B4 /* AnimationLibrary.swift in Sources */ = {isa = PBXBuildFile; fileRef = EBF8571C21A5DDB300D629B4 /* AnimationLibrary.swift */; };
		EBF8572121A5E33300D629B4 /* Animations.swift in Sources */ = {isa = PBXBuildFile; fileRef = EBF8572021A5E33300D629B4 /* Animations.swift */; };
		EBF8572A21A6025400D629B4 /* BasicScene.swift in Sources */ = {isa = PBXBuildFile; fileRef = EBF8572921A6025400D629B4 /* BasicScene.swift */; };
		EBF8572E21A6034400D629B4 /* World.swift in Sources */ = {isa = PBXBuildFile; fileRef = EBF8572D21A6034400D629B4 /* World.swift */; };
		EBF8573021A6073900D629B4 /* CollisionBox.swift in Sources */ = {isa = PBXBuildFile; fileRef = EBF8572F21A6073900D629B4 /* CollisionBox.swift */; };
		EBF8573221A6079800D629B4 /* CubeBoundsMesh.swift in Sources */ = {isa = PBXBuildFile; fileRef = EBF8573121A6079800D629B4 /* CubeBoundsMesh.swift */; };
		EBF8573421A60AA900D629B4 /* BoundingShaders.metal in Sources */ = {isa = PBXBuildFile; fileRef = EBF8573321A60AA900D629B4 /* BoundingShaders.metal */; };
		EBF8573821A736D400D629B4 /* players.png in Resources */ = {isa = PBXBuildFile; fileRef = EBF8573721A736D300D629B4 /* players.png */; };
		EBF8573A21A739AE00D629B4 /* player_spritesheet_fixed_large.png in Resources */ = {isa = PBXBuildFile; fileRef = EBF8573921A739AE00D629B4 /* player_spritesheet_fixed_large.png */; };
		EBF8573D21A743C900D629B4 /* CastleDefenseScene.swift in Sources */ = {isa = PBXBuildFile; fileRef = EBF8573C21A743C900D629B4 /* CastleDefenseScene.swift */; };
		EBF8574121A7468E00D629B4 /* Enemy.swift in Sources */ = {isa = PBXBuildFile; fileRef = EBF8574021A7468E00D629B4 /* Enemy.swift */; };
		EBF8574321A7487900D629B4 /* Friendly.swift in Sources */ = {isa = PBXBuildFile; fileRef = EBF8574221A7487900D629B4 /* Friendly.swift */; };
		EBF8574521A7B82F00D629B4 /* Camera_Ortho.swift in Sources */ = {isa = PBXBuildFile; fileRef = EBF8574421A7B82F00D629B4 /* Camera_Ortho.swift */; };
/* End PBXBuildFile section */

/* Begin PBXContainerItemProxy section */
		EB3D127D217A9EBF00FD4CF6 /* PBXContainerItemProxy */ = {
			isa = PBXContainerItemProxy;
			containerPortal = EB3D1262217A9EBE00FD4CF6 /* Project object */;
			proxyType = 1;
			remoteGlobalIDString = EB3D1269217A9EBE00FD4CF6;
			remoteInfo = "The-Dark-Place";
		};
/* End PBXContainerItemProxy section */

/* Begin PBXFileReference section */
		EB08F5C9218A127F008E1DC4 /* armadillo.obj */ = {isa = PBXFileReference; fileEncoding = 4; lastKnownFileType = text; path = armadillo.obj; sourceTree = "<group>"; };
		EB08F5CB218A15B6008E1DC4 /* pirate_ship.obj */ = {isa = PBXFileReference; fileEncoding = 4; lastKnownFileType = text; path = pirate_ship.obj; sourceTree = "<group>"; };
		EB08F5CD218A16E8008E1DC4 /* PirateShip.swift */ = {isa = PBXFileReference; lastKnownFileType = sourcecode.swift; path = PirateShip.swift; sourceTree = "<group>"; };
		EB08F5CF218A20FA008E1DC4 /* pirate_ship.mtl */ = {isa = PBXFileReference; fileEncoding = 4; lastKnownFileType = text; path = pirate_ship.mtl; sourceTree = "<group>"; };
		EB08F5D1218A9823008E1DC4 /* suzanne.obj */ = {isa = PBXFileReference; fileEncoding = 4; lastKnownFileType = text; path = suzanne.obj; sourceTree = "<group>"; };
		EB08F5D3218A983C008E1DC4 /* Suzanne.swift */ = {isa = PBXFileReference; lastKnownFileType = sourcecode.swift; path = Suzanne.swift; sourceTree = "<group>"; };
		EB08F5D5218AA18B008E1DC4 /* cruiser.obj */ = {isa = PBXFileReference; fileEncoding = 4; lastKnownFileType = text; path = cruiser.obj; sourceTree = "<group>"; };
		EB08F5D7218AA19F008E1DC4 /* cruiser.bmp */ = {isa = PBXFileReference; lastKnownFileType = image.bmp; path = cruiser.bmp; sourceTree = "<group>"; };
		EB08F5D9218AA30F008E1DC4 /* Cruiser.swift */ = {isa = PBXFileReference; lastKnownFileType = sourcecode.swift; path = Cruiser.swift; sourceTree = "<group>"; };
		EB3D126A217A9EBE00FD4CF6 /* The-Dark-Place.app */ = {isa = PBXFileReference; explicitFileType = wrapper.application; includeInIndex = 0; path = "The-Dark-Place.app"; sourceTree = BUILT_PRODUCTS_DIR; };
		EB3D126D217A9EBE00FD4CF6 /* AppDelegate.swift */ = {isa = PBXFileReference; lastKnownFileType = sourcecode.swift; path = AppDelegate.swift; sourceTree = "<group>"; };
		EB3D1274217A9EBF00FD4CF6 /* Base */ = {isa = PBXFileReference; lastKnownFileType = file.storyboard; name = Base; path = Base.lproj/Main.storyboard; sourceTree = "<group>"; };
		EB3D1276217A9EBF00FD4CF6 /* Info.plist */ = {isa = PBXFileReference; lastKnownFileType = text.plist.xml; path = Info.plist; sourceTree = "<group>"; };
		EB3D1277217A9EBF00FD4CF6 /* The_Dark_Place.entitlements */ = {isa = PBXFileReference; lastKnownFileType = text.plist.entitlements; path = The_Dark_Place.entitlements; sourceTree = "<group>"; };
		EB3D127C217A9EBF00FD4CF6 /* The-Dark-PlaceTests.xctest */ = {isa = PBXFileReference; explicitFileType = wrapper.cfbundle; includeInIndex = 0; path = "The-Dark-PlaceTests.xctest"; sourceTree = BUILT_PRODUCTS_DIR; };
		EB3D1280217A9EBF00FD4CF6 /* The_Dark_PlaceTests.swift */ = {isa = PBXFileReference; lastKnownFileType = sourcecode.swift; path = The_Dark_PlaceTests.swift; sourceTree = "<group>"; };
		EB3D1282217A9EBF00FD4CF6 /* Info.plist */ = {isa = PBXFileReference; lastKnownFileType = text.plist.xml; path = Info.plist; sourceTree = "<group>"; };
		EB3D128D217AAEED00FD4CF6 /* MainView.swift */ = {isa = PBXFileReference; lastKnownFileType = sourcecode.swift; path = MainView.swift; sourceTree = "<group>"; };
		EB3D128F217AB6CB00FD4CF6 /* Renderer.swift */ = {isa = PBXFileReference; lastKnownFileType = sourcecode.swift; path = Renderer.swift; sourceTree = "<group>"; };
		EB3D1292217AB76E00FD4CF6 /* DarkEngine.swift */ = {isa = PBXFileReference; lastKnownFileType = sourcecode.swift; path = DarkEngine.swift; sourceTree = "<group>"; };
		EB3D1295217AB95D00FD4CF6 /* Colors.swift */ = {isa = PBXFileReference; lastKnownFileType = sourcecode.swift; path = Colors.swift; sourceTree = "<group>"; };
		EB3D1298217AC49000FD4CF6 /* Types.swift */ = {isa = PBXFileReference; lastKnownFileType = sourcecode.swift; path = Types.swift; sourceTree = "<group>"; };
		EB3D129B217ACA6400FD4CF6 /* BasicShaders.metal */ = {isa = PBXFileReference; lastKnownFileType = sourcecode.metal; path = BasicShaders.metal; sourceTree = "<group>"; };
		EB3D129F217AD24800FD4CF6 /* RenderPipelineStateLibrary.swift */ = {isa = PBXFileReference; lastKnownFileType = sourcecode.swift; path = RenderPipelineStateLibrary.swift; sourceTree = "<group>"; };
		EB3D12A7217AD94D00FD4CF6 /* Library.swift */ = {isa = PBXFileReference; lastKnownFileType = sourcecode.swift; path = Library.swift; sourceTree = "<group>"; };
		EB3D12A9217ADFB100FD4CF6 /* Graphics.swift */ = {isa = PBXFileReference; lastKnownFileType = sourcecode.swift; path = Graphics.swift; sourceTree = "<group>"; };
		EB3D12AE217AE6DB00FD4CF6 /* VertexDescriptorLibrary.swift */ = {isa = PBXFileReference; lastKnownFileType = sourcecode.swift; path = VertexDescriptorLibrary.swift; sourceTree = "<group>"; };
		EB3D12B0217AEA4100FD4CF6 /* VertexShaderLibrary.swift */ = {isa = PBXFileReference; lastKnownFileType = sourcecode.swift; path = VertexShaderLibrary.swift; sourceTree = "<group>"; };
		EB3D12B2217AED9100FD4CF6 /* FragmentShaderLibrary.swift */ = {isa = PBXFileReference; lastKnownFileType = sourcecode.swift; path = FragmentShaderLibrary.swift; sourceTree = "<group>"; };
		EB3D12B5217AF22A00FD4CF6 /* Node.swift */ = {isa = PBXFileReference; lastKnownFileType = sourcecode.swift; path = Node.swift; sourceTree = "<group>"; };
		EB3D12B8217AF2C200FD4CF6 /* Renderable.swift */ = {isa = PBXFileReference; lastKnownFileType = sourcecode.swift; path = Renderable.swift; sourceTree = "<group>"; };
		EB3D12BB217AF34C00FD4CF6 /* GameObject.swift */ = {isa = PBXFileReference; lastKnownFileType = sourcecode.swift; path = GameObject.swift; sourceTree = "<group>"; };
		EB3D12BE217D09FD00FD4CF6 /* MeshLibrary.swift */ = {isa = PBXFileReference; lastKnownFileType = sourcecode.swift; path = MeshLibrary.swift; sourceTree = "<group>"; };
		EB3D12CA217D0DD000FD4CF6 /* CustomMesh.swift */ = {isa = PBXFileReference; lastKnownFileType = sourcecode.swift; path = CustomMesh.swift; sourceTree = "<group>"; };
		EB3D12CC217D0E7700FD4CF6 /* Mesh.swift */ = {isa = PBXFileReference; lastKnownFileType = sourcecode.swift; path = Mesh.swift; sourceTree = "<group>"; };
		EB3D12CE217D0EA100FD4CF6 /* Triangle_CustomMesh.swift */ = {isa = PBXFileReference; lastKnownFileType = sourcecode.swift; path = Triangle_CustomMesh.swift; sourceTree = "<group>"; };
		EB3D12D1217D10E900FD4CF6 /* Entities.swift */ = {isa = PBXFileReference; lastKnownFileType = sourcecode.swift; path = Entities.swift; sourceTree = "<group>"; };
		EB3D12DF217D1D6900FD4CF6 /* SceneManager.swift */ = {isa = PBXFileReference; lastKnownFileType = sourcecode.swift; path = SceneManager.swift; sourceTree = "<group>"; };
		EB3D12E3217D1DE600FD4CF6 /* Scene.swift */ = {isa = PBXFileReference; lastKnownFileType = sourcecode.swift; path = Scene.swift; sourceTree = "<group>"; };
		EB3D12E6217D1F5200FD4CF6 /* PlaygroundScene.swift */ = {isa = PBXFileReference; lastKnownFileType = sourcecode.swift; path = PlaygroundScene.swift; sourceTree = "<group>"; };
		EB3D12E8217D207100FD4CF6 /* GameHandler.swift */ = {isa = PBXFileReference; lastKnownFileType = sourcecode.swift; path = GameHandler.swift; sourceTree = "<group>"; };
		EB3D12EB217D24B800FD4CF6 /* Triangle.swift */ = {isa = PBXFileReference; lastKnownFileType = sourcecode.swift; path = Triangle.swift; sourceTree = "<group>"; };
		EB3D12F0217D257900FD4CF6 /* Math.swift */ = {isa = PBXFileReference; lastKnownFileType = sourcecode.swift; path = Math.swift; sourceTree = "<group>"; };
		EB3D12F3217D28E300FD4CF6 /* matrix_float4x4.swift */ = {isa = PBXFileReference; lastKnownFileType = sourcecode.swift; path = matrix_float4x4.swift; sourceTree = "<group>"; };
		EB3D12F7217D2EC700FD4CF6 /* GameTime.swift */ = {isa = PBXFileReference; lastKnownFileType = sourcecode.swift; path = GameTime.swift; sourceTree = "<group>"; };
		EB3D12FB217D352400FD4CF6 /* Camera.swift */ = {isa = PBXFileReference; lastKnownFileType = sourcecode.swift; path = Camera.swift; sourceTree = "<group>"; };
		EB3D12FF217D3A7300FD4CF6 /* Camera_Debug.swift */ = {isa = PBXFileReference; lastKnownFileType = sourcecode.swift; path = Camera_Debug.swift; sourceTree = "<group>"; };
		EB3D1301217D43E200FD4CF6 /* DepthStencilStateLibrary.swift */ = {isa = PBXFileReference; lastKnownFileType = sourcecode.swift; path = DepthStencilStateLibrary.swift; sourceTree = "<group>"; };
		EB3D1307217D49DF00FD4CF6 /* GameView.swift */ = {isa = PBXFileReference; lastKnownFileType = sourcecode.swift; path = GameView.swift; sourceTree = "<group>"; };
		EB3D1309217D4D1100FD4CF6 /* Cube_CustomMesh.swift */ = {isa = PBXFileReference; lastKnownFileType = sourcecode.swift; path = Cube_CustomMesh.swift; sourceTree = "<group>"; };
		EB3D130B217D4D2600FD4CF6 /* Cube.swift */ = {isa = PBXFileReference; lastKnownFileType = sourcecode.swift; path = Cube.swift; sourceTree = "<group>"; };
		EB3D130D217EC14E00FD4CF6 /* Quad_CustomMesh.swift */ = {isa = PBXFileReference; lastKnownFileType = sourcecode.swift; path = Quad_CustomMesh.swift; sourceTree = "<group>"; };
		EB3D130F217EC2B500FD4CF6 /* Quad.swift */ = {isa = PBXFileReference; lastKnownFileType = sourcecode.swift; path = Quad.swift; sourceTree = "<group>"; };
		EB41D3A221A9993400869330 /* crazyFont.fnt */ = {isa = PBXFileReference; fileEncoding = 4; lastKnownFileType = text; path = crazyFont.fnt; sourceTree = "<group>"; };
		EB41D3A321A9993500869330 /* crazyFont.png */ = {isa = PBXFileReference; lastKnownFileType = image.png; path = crazyFont.png; sourceTree = "<group>"; };
		EB41D3AD21A9A86900869330 /* String.swift */ = {isa = PBXFileReference; lastKnownFileType = sourcecode.swift; path = String.swift; sourceTree = "<group>"; };
		EB41D3BF21AA07B300869330 /* TextGUI.swift */ = {isa = PBXFileReference; lastKnownFileType = sourcecode.swift; path = TextGUI.swift; sourceTree = "<group>"; };
		EB41D3C421AA08EE00869330 /* FontRendering.metal */ = {isa = PBXFileReference; lastKnownFileType = sourcecode.metal; path = FontRendering.metal; sourceTree = "<group>"; };
		EB41D3C621AA475F00869330 /* TextMeshLibrary.swift */ = {isa = PBXFileReference; lastKnownFileType = sourcecode.swift; path = TextMeshLibrary.swift; sourceTree = "<group>"; };
		EB41D3C821AA4A7F00869330 /* TextLoader.swift */ = {isa = PBXFileReference; lastKnownFileType = sourcecode.swift; path = TextLoader.swift; sourceTree = "<group>"; };
		EB41D3CA21AA4C7800869330 /* TextMesh.swift */ = {isa = PBXFileReference; lastKnownFileType = sourcecode.swift; path = TextMesh.swift; sourceTree = "<group>"; };
		EB46314F219FDEE600F67B66 /* DepthShaders.metal */ = {isa = PBXFileReference; lastKnownFileType = sourcecode.metal; path = DepthShaders.metal; sourceTree = "<group>"; };
		EB4EA357219A413900C34DAB /* blendMap.png */ = {isa = PBXFileReference; lastKnownFileType = image.png; path = blendMap.png; sourceTree = "<group>"; };
		EB4EA359219A414600C34DAB /* mud.png */ = {isa = PBXFileReference; lastKnownFileType = image.png; path = mud.png; sourceTree = "<group>"; };
		EB4EA35B219A415100C34DAB /* grassy2.png */ = {isa = PBXFileReference; lastKnownFileType = image.png; path = grassy2.png; sourceTree = "<group>"; };
		EB4EA35D219A415800C34DAB /* path.png */ = {isa = PBXFileReference; lastKnownFileType = image.png; path = path.png; sourceTree = "<group>"; };
		EB4EA35F219A417700C34DAB /* grassFlowers.png */ = {isa = PBXFileReference; lastKnownFileType = image.png; path = grassFlowers.png; sourceTree = "<group>"; };
		EB5287EF219A894F00EC7EAF /* Tent.swift */ = {isa = PBXFileReference; lastKnownFileType = sourcecode.swift; path = Tent.swift; sourceTree = "<group>"; };
		EB5287F1219A8A6500EC7EAF /* Campfire.swift */ = {isa = PBXFileReference; lastKnownFileType = sourcecode.swift; path = Campfire.swift; sourceTree = "<group>"; };
		EB5AFF7B218780CD000E30B4 /* ModelGameObject.swift */ = {isa = PBXFileReference; lastKnownFileType = sourcecode.swift; path = ModelGameObject.swift; sourceTree = "<group>"; };
		EB5AFF8C2188049A000E30B4 /* ModelShaders.metal */ = {isa = PBXFileReference; lastKnownFileType = sourcecode.metal; path = ModelShaders.metal; sourceTree = "<group>"; };
		EB5AFF9821880758000E30B4 /* ModelMesh.swift */ = {isa = PBXFileReference; lastKnownFileType = sourcecode.swift; path = ModelMesh.swift; sourceTree = "<group>"; };
		EB5AFF9D2188083A000E30B4 /* Armadillo.swift */ = {isa = PBXFileReference; lastKnownFileType = sourcecode.swift; path = Armadillo.swift; sourceTree = "<group>"; };
		EB6A0FF02182AB920036DB93 /* SkyboxShader.metal */ = {isa = PBXFileReference; lastKnownFileType = sourcecode.metal; path = SkyboxShader.metal; sourceTree = "<group>"; };
		EB6A0FF22182ADCD0036DB93 /* SharedMetal.metal */ = {isa = PBXFileReference; lastKnownFileType = sourcecode.metal; path = SharedMetal.metal; sourceTree = "<group>"; };
		EB6A0FF42182B5FF0036DB93 /* SkyboxGameObject.swift */ = {isa = PBXFileReference; lastKnownFileType = sourcecode.swift; path = SkyboxGameObject.swift; sourceTree = "<group>"; };
		EB6A0FF82184E03C0036DB93 /* Assets.xcassets */ = {isa = PBXFileReference; lastKnownFileType = folder.assetcatalog; name = Assets.xcassets; path = ../../../../../../.Trash/Assets.xcassets; sourceTree = "<group>"; };
		EB6A0FFC2184F8690036DB93 /* sky_front.png */ = {isa = PBXFileReference; lastKnownFileType = image.png; path = sky_front.png; sourceTree = "<group>"; };
		EB6A0FFD2184F8690036DB93 /* sky_left.png */ = {isa = PBXFileReference; lastKnownFileType = image.png; path = sky_left.png; sourceTree = "<group>"; };
		EB6A0FFE2184F8690036DB93 /* sky_right.png */ = {isa = PBXFileReference; lastKnownFileType = image.png; path = sky_right.png; sourceTree = "<group>"; };
		EB6A0FFF2184F8690036DB93 /* sky_back.png */ = {isa = PBXFileReference; lastKnownFileType = image.png; path = sky_back.png; sourceTree = "<group>"; };
		EB6A10012184F8690036DB93 /* sky_top.png */ = {isa = PBXFileReference; lastKnownFileType = image.png; path = sky_top.png; sourceTree = "<group>"; };
		EB6A1008218502050036DB93 /* NSImage.swift */ = {isa = PBXFileReference; lastKnownFileType = sourcecode.swift; path = NSImage.swift; sourceTree = "<group>"; };
		EB6A1018218519840036DB93 /* sky_bottom.png */ = {isa = PBXFileReference; lastKnownFileType = image.png; path = sky_bottom.png; sourceTree = "<group>"; };
		EB7AFAF3218008B1001D8172 /* Options.swift */ = {isa = PBXFileReference; lastKnownFileType = sourcecode.swift; path = Options.swift; sourceTree = "<group>"; };
		EB7EA6AA219270E9009135E7 /* statue.obj */ = {isa = PBXFileReference; fileEncoding = 4; lastKnownFileType = text; path = statue.obj; sourceTree = "<group>"; };
		EB7EA6AC219271B6009135E7 /* Statue.swift */ = {isa = PBXFileReference; lastKnownFileType = sourcecode.swift; path = Statue.swift; sourceTree = "<group>"; };
		EB7EA6AE21927336009135E7 /* globe.obj */ = {isa = PBXFileReference; fileEncoding = 4; lastKnownFileType = text; path = globe.obj; sourceTree = "<group>"; };
		EB7EA6B021927399009135E7 /* Globe.swift */ = {isa = PBXFileReference; lastKnownFileType = sourcecode.swift; path = Globe.swift; sourceTree = "<group>"; };
		EB7EA6B221927521009135E7 /* globe_moon.mat */ = {isa = PBXFileReference; fileEncoding = 4; lastKnownFileType = text; path = globe_moon.mat; sourceTree = "<group>"; };
		EB7EA6B5219275A0009135E7 /* globe_compass.mat */ = {isa = PBXFileReference; fileEncoding = 4; lastKnownFileType = text; path = globe_compass.mat; sourceTree = "<group>"; };
		EB7EA6BE2192775D009135E7 /* Card.swift */ = {isa = PBXFileReference; lastKnownFileType = sourcecode.swift; path = Card.swift; sourceTree = "<group>"; };
		EBB5C69C219927060006663F /* SamplerStateLibrary.swift */ = {isa = PBXFileReference; lastKnownFileType = sourcecode.swift; path = SamplerStateLibrary.swift; sourceTree = "<group>"; };
		EBB5C69E21993E400006663F /* RenderPassDescriptorLibrary.swift */ = {isa = PBXFileReference; lastKnownFileType = sourcecode.swift; path = RenderPassDescriptorLibrary.swift; sourceTree = "<group>"; };
		EBC3CD44218AB4DF00E905FA /* InstancedGameObject.swift */ = {isa = PBXFileReference; lastKnownFileType = sourcecode.swift; path = InstancedGameObject.swift; sourceTree = "<group>"; };
		EBC3CD48218BE7C700E905FA /* InstancedShaders.metal */ = {isa = PBXFileReference; lastKnownFileType = sourcecode.metal; path = InstancedShaders.metal; sourceTree = "<group>"; };
		EBC3CD4A218BE8C000E905FA /* GrassPatch.swift */ = {isa = PBXFileReference; lastKnownFileType = sourcecode.swift; path = GrassPatch.swift; sourceTree = "<group>"; };
		EBEACB8E219A60CE001577B5 /* MultiTerrainTexture.swift */ = {isa = PBXFileReference; lastKnownFileType = sourcecode.swift; path = MultiTerrainTexture.swift; sourceTree = "<group>"; };
		EBEACB95219A796C001577B5 /* MultiTextureTerrain.swift */ = {isa = PBXFileReference; lastKnownFileType = sourcecode.swift; path = MultiTextureTerrain.swift; sourceTree = "<group>"; };
		EBEACB97219A7C15001577B5 /* SingleTextureTerrain.swift */ = {isa = PBXFileReference; lastKnownFileType = sourcecode.swift; path = SingleTextureTerrain.swift; sourceTree = "<group>"; };
		EBEACBA0219A7F44001577B5 /* Tent_Poles_01.obj */ = {isa = PBXFileReference; fileEncoding = 4; lastKnownFileType = text; path = Tent_Poles_01.obj; sourceTree = "<group>"; };
		EBEACBA2219A7F4C001577B5 /* Tent_Poles_01.mtl */ = {isa = PBXFileReference; fileEncoding = 4; lastKnownFileType = text; path = Tent_Poles_01.mtl; sourceTree = "<group>"; };
		EBEACBA4219A7F59001577B5 /* Campfire_01.obj */ = {isa = PBXFileReference; fileEncoding = 4; lastKnownFileType = text; path = Campfire_01.obj; sourceTree = "<group>"; };
		EBEACBA5219A7F59001577B5 /* Campfire_01.mtl */ = {isa = PBXFileReference; fileEncoding = 4; lastKnownFileType = text; path = Campfire_01.mtl; sourceTree = "<group>"; };
		EBEACBA8219A7F63001577B5 /* Mushroom_Red_01.mtl */ = {isa = PBXFileReference; fileEncoding = 4; lastKnownFileType = text; path = Mushroom_Red_01.mtl; sourceTree = "<group>"; };
		EBEACBA9219A7F63001577B5 /* Mushroom_Red_01.obj */ = {isa = PBXFileReference; fileEncoding = 4; lastKnownFileType = text; path = Mushroom_Red_01.obj; sourceTree = "<group>"; };
		EBEACBAC219A7F71001577B5 /* Tent_01.obj */ = {isa = PBXFileReference; fileEncoding = 4; lastKnownFileType = text; path = Tent_01.obj; sourceTree = "<group>"; };
		EBEACBAD219A7F71001577B5 /* Tent_01.mtl */ = {isa = PBXFileReference; fileEncoding = 4; lastKnownFileType = text; path = Tent_01.mtl; sourceTree = "<group>"; };
		EBEACBB0219A804E001577B5 /* TentPoles.swift */ = {isa = PBXFileReference; lastKnownFileType = sourcecode.swift; path = TentPoles.swift; sourceTree = "<group>"; };
		EBF0E0A421856EE60021E67E /* CubeTextureLibrary.swift */ = {isa = PBXFileReference; lastKnownFileType = sourcecode.swift; path = CubeTextureLibrary.swift; sourceTree = "<group>"; };
		EBF0E0AC21859D590021E67E /* Mouse.swift */ = {isa = PBXFileReference; fileEncoding = 4; lastKnownFileType = sourcecode.swift; path = Mouse.swift; sourceTree = "<group>"; };
		EBF0E0AD21859D590021E67E /* Keyboard.swift */ = {isa = PBXFileReference; fileEncoding = 4; lastKnownFileType = sourcecode.swift; path = Keyboard.swift; sourceTree = "<group>"; };
		EBF0E0AE21859D590021E67E /* KeyCodes.swift */ = {isa = PBXFileReference; fileEncoding = 4; lastKnownFileType = sourcecode.swift; path = KeyCodes.swift; sourceTree = "<group>"; };
		EBF0E0E8218617A20021E67E /* TerrainGameObject.swift */ = {isa = PBXFileReference; lastKnownFileType = sourcecode.swift; path = TerrainGameObject.swift; sourceTree = "<group>"; };
		EBF0E0EA218638AA0021E67E /* TerrainShaders.metal */ = {isa = PBXFileReference; lastKnownFileType = sourcecode.metal; path = TerrainShaders.metal; sourceTree = "<group>"; };
		EBF0E0EC218642AD0021E67E /* TextureLibrary.swift */ = {isa = PBXFileReference; lastKnownFileType = sourcecode.swift; path = TextureLibrary.swift; sourceTree = "<group>"; };
		EBF0E0EF218643920021E67E /* TextureLoader.swift */ = {isa = PBXFileReference; lastKnownFileType = sourcecode.swift; path = TextureLoader.swift; sourceTree = "<group>"; };
		EBF0E0F3218645B30021E67E /* grass.png */ = {isa = PBXFileReference; lastKnownFileType = image.png; path = grass.png; sourceTree = "<group>"; };
		EBF0E0F5218649230021E67E /* face.png */ = {isa = PBXFileReference; lastKnownFileType = image.png; path = face.png; sourceTree = "<group>"; };
		EBF0E0F721864F730021E67E /* Materialable.swift */ = {isa = PBXFileReference; lastKnownFileType = sourcecode.swift; path = Materialable.swift; sourceTree = "<group>"; };
		EBF0E0F921866F690021E67E /* standing_grass.png */ = {isa = PBXFileReference; lastKnownFileType = image.png; path = standing_grass.png; sourceTree = "<group>"; };
		EBF0E0FB218680B50021E67E /* StandingGrass.swift */ = {isa = PBXFileReference; lastKnownFileType = sourcecode.swift; path = StandingGrass.swift; sourceTree = "<group>"; };
		EBF0E0FD218691000021E67E /* float4.swift */ = {isa = PBXFileReference; lastKnownFileType = sourcecode.swift; path = float4.swift; sourceTree = "<group>"; };
		EBF0E0FF2186A0620021E67E /* TerrainLoader.swift */ = {isa = PBXFileReference; lastKnownFileType = sourcecode.swift; path = TerrainLoader.swift; sourceTree = "<group>"; };
		EBF0E1012186A2B20021E67E /* TerrainMesh.swift */ = {isa = PBXFileReference; lastKnownFileType = sourcecode.swift; path = TerrainMesh.swift; sourceTree = "<group>"; };
		EBF67902219BBA08004CF536 /* crate.obj */ = {isa = PBXFileReference; fileEncoding = 4; lastKnownFileType = text; path = crate.obj; sourceTree = "<group>"; };
		EBF67903219BBA08004CF536 /* barrel.png */ = {isa = PBXFileReference; lastKnownFileType = image.png; path = barrel.png; sourceTree = "<group>"; };
		EBF67904219BBA08004CF536 /* barrel.obj */ = {isa = PBXFileReference; fileEncoding = 4; lastKnownFileType = text; path = barrel.obj; sourceTree = "<group>"; };
		EBF67905219BBA09004CF536 /* boulder.obj */ = {isa = PBXFileReference; fileEncoding = 4; lastKnownFileType = text; path = boulder.obj; sourceTree = "<group>"; };
		EBF67906219BBA09004CF536 /* barrelNormal.png */ = {isa = PBXFileReference; lastKnownFileType = image.png; path = barrelNormal.png; sourceTree = "<group>"; };
		EBF67907219BBA09004CF536 /* boulderNormal.png */ = {isa = PBXFileReference; lastKnownFileType = image.png; path = boulderNormal.png; sourceTree = "<group>"; };
		EBF67908219BBA09004CF536 /* crateNormal.png */ = {isa = PBXFileReference; lastKnownFileType = image.png; path = crateNormal.png; sourceTree = "<group>"; };
		EBF67909219BBA09004CF536 /* crate.png */ = {isa = PBXFileReference; lastKnownFileType = image.png; path = crate.png; sourceTree = "<group>"; };
		EBF6790A219BBA09004CF536 /* boulder.png */ = {isa = PBXFileReference; lastKnownFileType = image.png; path = boulder.png; sourceTree = "<group>"; };
		EBF67914219BBA54004CF536 /* Barrel.swift */ = {isa = PBXFileReference; lastKnownFileType = sourcecode.swift; path = Barrel.swift; sourceTree = "<group>"; };
		EBF8570D21A4F94F00D629B4 /* bird.png */ = {isa = PBXFileReference; lastKnownFileType = image.png; path = bird.png; sourceTree = "<group>"; };
		EBF8571621A513F400D629B4 /* SpriteSheetLibrary.swift */ = {isa = PBXFileReference; lastKnownFileType = sourcecode.swift; path = SpriteSheetLibrary.swift; sourceTree = "<group>"; };
		EBF8571C21A5DDB300D629B4 /* AnimationLibrary.swift */ = {isa = PBXFileReference; lastKnownFileType = sourcecode.swift; path = AnimationLibrary.swift; sourceTree = "<group>"; };
		EBF8572021A5E33300D629B4 /* Animations.swift */ = {isa = PBXFileReference; lastKnownFileType = sourcecode.swift; path = Animations.swift; sourceTree = "<group>"; };
		EBF8572921A6025400D629B4 /* BasicScene.swift */ = {isa = PBXFileReference; lastKnownFileType = sourcecode.swift; path = BasicScene.swift; sourceTree = "<group>"; };
		EBF8572D21A6034400D629B4 /* World.swift */ = {isa = PBXFileReference; lastKnownFileType = sourcecode.swift; path = World.swift; sourceTree = "<group>"; };
		EBF8572F21A6073900D629B4 /* CollisionBox.swift */ = {isa = PBXFileReference; lastKnownFileType = sourcecode.swift; path = CollisionBox.swift; sourceTree = "<group>"; };
		EBF8573121A6079800D629B4 /* CubeBoundsMesh.swift */ = {isa = PBXFileReference; lastKnownFileType = sourcecode.swift; path = CubeBoundsMesh.swift; sourceTree = "<group>"; };
		EBF8573321A60AA900D629B4 /* BoundingShaders.metal */ = {isa = PBXFileReference; lastKnownFileType = sourcecode.metal; path = BoundingShaders.metal; sourceTree = "<group>"; };
		EBF8573721A736D300D629B4 /* players.png */ = {isa = PBXFileReference; lastKnownFileType = image.png; path = players.png; sourceTree = "<group>"; };
		EBF8573921A739AE00D629B4 /* player_spritesheet_fixed_large.png */ = {isa = PBXFileReference; lastKnownFileType = image.png; path = player_spritesheet_fixed_large.png; sourceTree = "<group>"; };
		EBF8573C21A743C900D629B4 /* CastleDefenseScene.swift */ = {isa = PBXFileReference; lastKnownFileType = sourcecode.swift; path = CastleDefenseScene.swift; sourceTree = "<group>"; };
		EBF8574021A7468E00D629B4 /* Enemy.swift */ = {isa = PBXFileReference; lastKnownFileType = sourcecode.swift; path = Enemy.swift; sourceTree = "<group>"; };
		EBF8574221A7487900D629B4 /* Friendly.swift */ = {isa = PBXFileReference; lastKnownFileType = sourcecode.swift; path = Friendly.swift; sourceTree = "<group>"; };
		EBF8574421A7B82F00D629B4 /* Camera_Ortho.swift */ = {isa = PBXFileReference; lastKnownFileType = sourcecode.swift; path = Camera_Ortho.swift; sourceTree = "<group>"; };
/* End PBXFileReference section */

/* Begin PBXFrameworksBuildPhase section */
		EB3D1267217A9EBE00FD4CF6 /* Frameworks */ = {
			isa = PBXFrameworksBuildPhase;
			buildActionMask = 2147483647;
			files = (
			);
			runOnlyForDeploymentPostprocessing = 0;
		};
		EB3D1279217A9EBF00FD4CF6 /* Frameworks */ = {
			isa = PBXFrameworksBuildPhase;
			buildActionMask = 2147483647;
			files = (
			);
			runOnlyForDeploymentPostprocessing = 0;
		};
/* End PBXFrameworksBuildPhase section */

/* Begin PBXGroup section */
		EB3D1261217A9EBE00FD4CF6 = {
			isa = PBXGroup;
			children = (
				EB3D126C217A9EBE00FD4CF6 /* The-Dark-Place */,
				EB3D127F217A9EBF00FD4CF6 /* The-Dark-PlaceTests */,
				EB3D126B217A9EBE00FD4CF6 /* Products */,
			);
			sourceTree = "<group>";
		};
		EB3D126B217A9EBE00FD4CF6 /* Products */ = {
			isa = PBXGroup;
			children = (
				EB3D126A217A9EBE00FD4CF6 /* The-Dark-Place.app */,
				EB3D127C217A9EBF00FD4CF6 /* The-Dark-PlaceTests.xctest */,
			);
			name = Products;
			sourceTree = "<group>";
		};
		EB3D126C217A9EBE00FD4CF6 /* The-Dark-Place */ = {
			isa = PBXGroup;
			children = (
				EB41D3A621A99BC200869330 /* TextRendering */,
				EB6A0FFA2184F82C0036DB93 /* Resources */,
				EB3D1291217AB76200FD4CF6 /* Core */,
				EBF0E0AB21859D450021E67E /* Input */,
				EB3D12EA217D230500FD4CF6 /* Handlers */,
				EB3D12DE217D1D5B00FD4CF6 /* Managers */,
				EBF0E0EE2186437A0021E67E /* Loaders */,
				EB3D12C0217D0ACD00FD4CF6 /* Entities */,
				EB3D129E217AD21100FD4CF6 /* Graphics */,
				EBF8571F21A5E2CF00D629B4 /* Animations */,
				EB3D12B4217AF21300FD4CF6 /* Game */,
				EB3D1294217AB95000FD4CF6 /* Utils */,
				EB3D128C217AAEC000FD4CF6 /* Display */,
				EB3D128B217A9FF000FD4CF6 /* OtherFiles */,
			);
			path = "The-Dark-Place";
			sourceTree = "<group>";
		};
		EB3D127F217A9EBF00FD4CF6 /* The-Dark-PlaceTests */ = {
			isa = PBXGroup;
			children = (
				EB3D1280217A9EBF00FD4CF6 /* The_Dark_PlaceTests.swift */,
				EB3D1282217A9EBF00FD4CF6 /* Info.plist */,
			);
			path = "The-Dark-PlaceTests";
			sourceTree = "<group>";
		};
		EB3D128B217A9FF000FD4CF6 /* OtherFiles */ = {
			isa = PBXGroup;
			children = (
				EB6A0FF82184E03C0036DB93 /* Assets.xcassets */,
				EB3D126D217A9EBE00FD4CF6 /* AppDelegate.swift */,
				EB3D1273217A9EBF00FD4CF6 /* Main.storyboard */,
				EB3D1276217A9EBF00FD4CF6 /* Info.plist */,
				EB3D1277217A9EBF00FD4CF6 /* The_Dark_Place.entitlements */,
			);
			path = OtherFiles;
			sourceTree = "<group>";
		};
		EB3D128C217AAEC000FD4CF6 /* Display */ = {
			isa = PBXGroup;
			children = (
				EB3D128F217AB6CB00FD4CF6 /* Renderer.swift */,
				EB3D128D217AAEED00FD4CF6 /* MainView.swift */,
			);
			path = Display;
			sourceTree = "<group>";
		};
		EB3D1291217AB76200FD4CF6 /* Core */ = {
			isa = PBXGroup;
			children = (
				EB3D1292217AB76E00FD4CF6 /* DarkEngine.swift */,
				EB3D1298217AC49000FD4CF6 /* Types.swift */,
				EB7AFAF3218008B1001D8172 /* Options.swift */,
				EB3D12F7217D2EC700FD4CF6 /* GameTime.swift */,
				EB3D1307217D49DF00FD4CF6 /* GameView.swift */,
			);
			path = Core;
			sourceTree = "<group>";
		};
		EB3D1294217AB95000FD4CF6 /* Utils */ = {
			isa = PBXGroup;
			children = (
				EB3D1295217AB95D00FD4CF6 /* Colors.swift */,
				EB3D12F0217D257900FD4CF6 /* Math.swift */,
				EB3D12FD217D353400FD4CF6 /* types */,
				EB3D12F2217D28CD00FD4CF6 /* extensions */,
			);
			path = Utils;
			sourceTree = "<group>";
		};
		EB3D129A217ACA5100FD4CF6 /* shaders */ = {
			isa = PBXGroup;
			children = (
				EB6A0FF22182ADCD0036DB93 /* SharedMetal.metal */,
				EB3D129B217ACA6400FD4CF6 /* BasicShaders.metal */,
				EB6A0FF02182AB920036DB93 /* SkyboxShader.metal */,
				EBF0E0EA218638AA0021E67E /* TerrainShaders.metal */,
				EB5AFF8C2188049A000E30B4 /* ModelShaders.metal */,
				EBC3CD48218BE7C700E905FA /* InstancedShaders.metal */,
				EB46314F219FDEE600F67B66 /* DepthShaders.metal */,
				EBF8573321A60AA900D629B4 /* BoundingShaders.metal */,
				EB41D3C421AA08EE00869330 /* FontRendering.metal */,
			);
			path = shaders;
			sourceTree = "<group>";
		};
		EB3D129D217AD20300FD4CF6 /* libraries */ = {
			isa = PBXGroup;
			children = (
				EB3D12B0217AEA4100FD4CF6 /* VertexShaderLibrary.swift */,
				EB3D12B2217AED9100FD4CF6 /* FragmentShaderLibrary.swift */,
				EBB5C69C219927060006663F /* SamplerStateLibrary.swift */,
				EB3D12AE217AE6DB00FD4CF6 /* VertexDescriptorLibrary.swift */,
				EBB5C69E21993E400006663F /* RenderPassDescriptorLibrary.swift */,
				EB3D129F217AD24800FD4CF6 /* RenderPipelineStateLibrary.swift */,
				EB3D1301217D43E200FD4CF6 /* DepthStencilStateLibrary.swift */,
			);
			path = libraries;
			sourceTree = "<group>";
		};
		EB3D129E217AD21100FD4CF6 /* Graphics */ = {
			isa = PBXGroup;
			children = (
				EB3D12A9217ADFB100FD4CF6 /* Graphics.swift */,
				EB3D129D217AD20300FD4CF6 /* libraries */,
				EB3D129A217ACA5100FD4CF6 /* shaders */,
			);
			path = Graphics;
			sourceTree = "<group>";
		};
		EB3D12B4217AF21300FD4CF6 /* Game */ = {
			isa = PBXGroup;
			children = (
				EB3D12B5217AF22A00FD4CF6 /* Node.swift */,
				EBF8573B21A742E100D629B4 /* CastleDefense */,
				EB3D12FE217D3A5500FD4CF6 /* cameras */,
				EB3D12E5217D1DE900FD4CF6 /* scenes */,
				EB3D12BA217AF32100FD4CF6 /* game-objects */,
			);
			path = Game;
			sourceTree = "<group>";
		};
		EB3D12B7217AF2B300FD4CF6 /* protocols */ = {
			isa = PBXGroup;
			children = (
				EB3D12B8217AF2C200FD4CF6 /* Renderable.swift */,
				EBF0E0F721864F730021E67E /* Materialable.swift */,
			);
			path = protocols;
			sourceTree = "<group>";
		};
		EB3D12BA217AF32100FD4CF6 /* game-objects */ = {
			isa = PBXGroup;
			children = (
				EB3D12EE217D24CA00FD4CF6 /* types */,
				EB3D12ED217D24BE00FD4CF6 /* objects */,
				EB3D12B7217AF2B300FD4CF6 /* protocols */,
			);
			path = "game-objects";
			sourceTree = "<group>";
		};
		EB3D12C0217D0ACD00FD4CF6 /* Entities */ = {
			isa = PBXGroup;
			children = (
				EB3D12D1217D10E900FD4CF6 /* Entities.swift */,
				EB3D12C3217D0AEF00FD4CF6 /* libraries */,
				EB3D12C9217D0DB400FD4CF6 /* meshes */,
				EBEACB99219A7D53001577B5 /* types */,
				EBF8572C21A6031400D629B4 /* spacial_partitioning */,
			);
			path = Entities;
			sourceTree = "<group>";
		};
		EB3D12C3217D0AEF00FD4CF6 /* libraries */ = {
			isa = PBXGroup;
			children = (
				EBF0E0EC218642AD0021E67E /* TextureLibrary.swift */,
				EBF0E0A421856EE60021E67E /* CubeTextureLibrary.swift */,
				EB3D12BE217D09FD00FD4CF6 /* MeshLibrary.swift */,
				EB41D3C621AA475F00869330 /* TextMeshLibrary.swift */,
			);
			path = libraries;
			sourceTree = "<group>";
		};
		EB3D12C9217D0DB400FD4CF6 /* meshes */ = {
			isa = PBXGroup;
			children = (
				EB3D12CC217D0E7700FD4CF6 /* Mesh.swift */,
				EB41D3CA21AA4C7800869330 /* TextMesh.swift */,
				EBF0E1012186A2B20021E67E /* TerrainMesh.swift */,
				EB5AFF9821880758000E30B4 /* ModelMesh.swift */,
				EB3D12D0217D0EA800FD4CF6 /* custom-meshes */,
			);
			path = meshes;
			sourceTree = "<group>";
		};
		EB3D12D0217D0EA800FD4CF6 /* custom-meshes */ = {
			isa = PBXGroup;
			children = (
				EB3D12CA217D0DD000FD4CF6 /* CustomMesh.swift */,
				EB3D12CE217D0EA100FD4CF6 /* Triangle_CustomMesh.swift */,
				EB3D1309217D4D1100FD4CF6 /* Cube_CustomMesh.swift */,
				EB3D130D217EC14E00FD4CF6 /* Quad_CustomMesh.swift */,
				EBF8573121A6079800D629B4 /* CubeBoundsMesh.swift */,
			);
			path = "custom-meshes";
			sourceTree = "<group>";
		};
		EB3D12DE217D1D5B00FD4CF6 /* Managers */ = {
			isa = PBXGroup;
			children = (
				EB3D12DF217D1D6900FD4CF6 /* SceneManager.swift */,
			);
			path = Managers;
			sourceTree = "<group>";
		};
		EB3D12E5217D1DE900FD4CF6 /* scenes */ = {
			isa = PBXGroup;
			children = (
				EB3D12E3217D1DE600FD4CF6 /* Scene.swift */,
				EB3D12E6217D1F5200FD4CF6 /* PlaygroundScene.swift */,
				EBF8572921A6025400D629B4 /* BasicScene.swift */,
			);
			path = scenes;
			sourceTree = "<group>";
		};
		EB3D12EA217D230500FD4CF6 /* Handlers */ = {
			isa = PBXGroup;
			children = (
				EB3D12E8217D207100FD4CF6 /* GameHandler.swift */,
			);
			path = Handlers;
			sourceTree = "<group>";
		};
		EB3D12ED217D24BE00FD4CF6 /* objects */ = {
			isa = PBXGroup;
			children = (
				EBEACB94219A7956001577B5 /* terrain_game_objects */,
				EB5AFF9A21880810000E30B4 /* model-game-objects */,
				EB3D12EF217D24DC00FD4CF6 /* custom-game-objects */,
			);
			path = objects;
			sourceTree = "<group>";
		};
		EB3D12EE217D24CA00FD4CF6 /* types */ = {
			isa = PBXGroup;
			children = (
				EB41D3C321AA084100869330 /* colliders */,
				EB41D3C221AA082B00869330 /* game_objects */,
				EB41D3C121AA082400869330 /* guis */,
			);
			path = types;
			sourceTree = "<group>";
		};
		EB3D12EF217D24DC00FD4CF6 /* custom-game-objects */ = {
			isa = PBXGroup;
			children = (
				EB7EA6BE2192775D009135E7 /* Card.swift */,
				EBF0E0FB218680B50021E67E /* StandingGrass.swift */,
				EB3D12EB217D24B800FD4CF6 /* Triangle.swift */,
				EB3D130B217D4D2600FD4CF6 /* Cube.swift */,
				EB3D130F217EC2B500FD4CF6 /* Quad.swift */,
			);
			path = "custom-game-objects";
			sourceTree = "<group>";
		};
		EB3D12F2217D28CD00FD4CF6 /* extensions */ = {
			isa = PBXGroup;
			children = (
				EB3D12F3217D28E300FD4CF6 /* matrix_float4x4.swift */,
				EB6A1008218502050036DB93 /* NSImage.swift */,
				EBF0E0FD218691000021E67E /* float4.swift */,
				EB41D3AD21A9A86900869330 /* String.swift */,
			);
			path = extensions;
			sourceTree = "<group>";
		};
		EB3D12FD217D353400FD4CF6 /* types */ = {
			isa = PBXGroup;
			children = (
				EB3D12A7217AD94D00FD4CF6 /* Library.swift */,
			);
			path = types;
			sourceTree = "<group>";
		};
		EB3D12FE217D3A5500FD4CF6 /* cameras */ = {
			isa = PBXGroup;
			children = (
				EB3D12FB217D352400FD4CF6 /* Camera.swift */,
				EB3D12FF217D3A7300FD4CF6 /* Camera_Debug.swift */,
				EBF8574421A7B82F00D629B4 /* Camera_Ortho.swift */,
			);
			path = cameras;
			sourceTree = "<group>";
		};
		EB41D3A121A998FA00869330 /* font */ = {
			isa = PBXGroup;
			children = (
				EB41D3A221A9993400869330 /* crazyFont.fnt */,
				EB41D3A321A9993500869330 /* crazyFont.png */,
			);
			path = font;
			sourceTree = "<group>";
		};
		EB41D3A621A99BC200869330 /* TextRendering */ = {
			isa = PBXGroup;
			children = (
			);
			path = TextRendering;
			sourceTree = "<group>";
		};
		EB41D3C121AA082400869330 /* guis */ = {
			isa = PBXGroup;
			children = (
				EB41D3BF21AA07B300869330 /* TextGUI.swift */,
			);
			path = guis;
			sourceTree = "<group>";
		};
		EB41D3C221AA082B00869330 /* game_objects */ = {
			isa = PBXGroup;
			children = (
				EB3D12BB217AF34C00FD4CF6 /* GameObject.swift */,
				EB5AFF7B218780CD000E30B4 /* ModelGameObject.swift */,
				EB6A0FF42182B5FF0036DB93 /* SkyboxGameObject.swift */,
				EBC3CD44218AB4DF00E905FA /* InstancedGameObject.swift */,
				EBF0E0E8218617A20021E67E /* TerrainGameObject.swift */,
			);
			path = game_objects;
			sourceTree = "<group>";
		};
		EB41D3C321AA084100869330 /* colliders */ = {
			isa = PBXGroup;
			children = (
				EBF8572F21A6073900D629B4 /* CollisionBox.swift */,
			);
			path = colliders;
			sourceTree = "<group>";
		};
		EB5AFF9A21880810000E30B4 /* model-game-objects */ = {
			isa = PBXGroup;
			children = (
				EB5AFF9D2188083A000E30B4 /* Armadillo.swift */,
				EB08F5CD218A16E8008E1DC4 /* PirateShip.swift */,
				EB08F5D3218A983C008E1DC4 /* Suzanne.swift */,
				EB08F5D9218AA30F008E1DC4 /* Cruiser.swift */,
				EBC3CD4A218BE8C000E905FA /* GrassPatch.swift */,
				EB7EA6AC219271B6009135E7 /* Statue.swift */,
				EB7EA6B021927399009135E7 /* Globe.swift */,
				EBEACBB0219A804E001577B5 /* TentPoles.swift */,
				EB5287EF219A894F00EC7EAF /* Tent.swift */,
				EB5287F1219A8A6500EC7EAF /* Campfire.swift */,
				EBF67914219BBA54004CF536 /* Barrel.swift */,
			);
			path = "model-game-objects";
			sourceTree = "<group>";
		};
		EB6A0FFA2184F82C0036DB93 /* Resources */ = {
			isa = PBXGroup;
			children = (
				EB41D3A121A998FA00869330 /* font */,
				EBEACB9D219A7E32001577B5 /* textures */,
				EBEACB9E219A7E3D001577B5 /* materials */,
				EBEACB9F219A7E55001577B5 /* obj-files */,
			);
			path = Resources;
			sourceTree = "<group>";
		};
		EB6A0FFB2184F8360036DB93 /* sky */ = {
			isa = PBXGroup;
			children = (
				EB6A0FFF2184F8690036DB93 /* sky_back.png */,
				EB6A0FFC2184F8690036DB93 /* sky_front.png */,
				EB6A1018218519840036DB93 /* sky_bottom.png */,
				EB6A0FFD2184F8690036DB93 /* sky_left.png */,
				EB6A0FFE2184F8690036DB93 /* sky_right.png */,
				EB6A10012184F8690036DB93 /* sky_top.png */,
			);
			path = sky;
			sourceTree = "<group>";
		};
		EBEACB94219A7956001577B5 /* terrain_game_objects */ = {
			isa = PBXGroup;
			children = (
				EBEACB95219A796C001577B5 /* MultiTextureTerrain.swift */,
				EBEACB97219A7C15001577B5 /* SingleTextureTerrain.swift */,
			);
			path = terrain_game_objects;
			sourceTree = "<group>";
		};
		EBEACB99219A7D53001577B5 /* types */ = {
			isa = PBXGroup;
			children = (
				EBEACB8E219A60CE001577B5 /* MultiTerrainTexture.swift */,
			);
			path = types;
			sourceTree = "<group>";
		};
		EBEACB9A219A7DAE001577B5 /* blend-map-textures */ = {
			isa = PBXGroup;
			children = (
				EB4EA357219A413900C34DAB /* blendMap.png */,
			);
			path = "blend-map-textures";
			sourceTree = "<group>";
		};
		EBEACB9B219A7DC4001577B5 /* tiled-textures */ = {
			isa = PBXGroup;
			children = (
				EB4EA35D219A415800C34DAB /* path.png */,
				EB4EA35F219A417700C34DAB /* grassFlowers.png */,
				EB4EA359219A414600C34DAB /* mud.png */,
				EBF0E0F3218645B30021E67E /* grass.png */,
				EB4EA35B219A415100C34DAB /* grassy2.png */,
			);
			path = "tiled-textures";
			sourceTree = "<group>";
		};
		EBEACB9C219A7DEF001577B5 /* object-textures */ = {
			isa = PBXGroup;
			children = (
				EBF67909219BBA09004CF536 /* crate.png */,
				EBF0E0F5218649230021E67E /* face.png */,
				EBF0E0F921866F690021E67E /* standing_grass.png */,
				EBF8570D21A4F94F00D629B4 /* bird.png */,
				EB08F5D7218AA19F008E1DC4 /* cruiser.bmp */,
				EBF6790A219BBA09004CF536 /* boulder.png */,
				EBF67903219BBA08004CF536 /* barrel.png */,
			);
			path = "object-textures";
			sourceTree = "<group>";
		};
		EBEACB9D219A7E32001577B5 /* textures */ = {
			isa = PBXGroup;
			children = (
				EBF8571521A513A200D629B4 /* spritesheet_textures */,
				EBF67916219BC1E6004CF536 /* normal-textures */,
				EBEACB9C219A7DEF001577B5 /* object-textures */,
				EBEACB9B219A7DC4001577B5 /* tiled-textures */,
				EBF0E0F1218644900021E67E /* cube_mapping-textures */,
				EBEACB9A219A7DAE001577B5 /* blend-map-textures */,
			);
			path = textures;
			sourceTree = "<group>";
		};
		EBEACB9E219A7E3D001577B5 /* materials */ = {
			isa = PBXGroup;
			children = (
				EB7EA6B221927521009135E7 /* globe_moon.mat */,
				EB7EA6B5219275A0009135E7 /* globe_compass.mat */,
				EB08F5CF218A20FA008E1DC4 /* pirate_ship.mtl */,
				EBEACBA2219A7F4C001577B5 /* Tent_Poles_01.mtl */,
				EBEACBA5219A7F59001577B5 /* Campfire_01.mtl */,
				EBEACBAD219A7F71001577B5 /* Tent_01.mtl */,
				EBEACBA8219A7F63001577B5 /* Mushroom_Red_01.mtl */,
			);
			path = materials;
			sourceTree = "<group>";
		};
		EBEACB9F219A7E55001577B5 /* obj-files */ = {
			isa = PBXGroup;
			children = (
				EBF67905219BBA09004CF536 /* boulder.obj */,
				EBF67902219BBA08004CF536 /* crate.obj */,
				EBF67904219BBA08004CF536 /* barrel.obj */,
				EBEACBAC219A7F71001577B5 /* Tent_01.obj */,
				EBEACBA9219A7F63001577B5 /* Mushroom_Red_01.obj */,
				EBEACBA4219A7F59001577B5 /* Campfire_01.obj */,
				EBEACBA0219A7F44001577B5 /* Tent_Poles_01.obj */,
				EB08F5D5218AA18B008E1DC4 /* cruiser.obj */,
				EB08F5D1218A9823008E1DC4 /* suzanne.obj */,
				EB08F5C9218A127F008E1DC4 /* armadillo.obj */,
				EB7EA6AA219270E9009135E7 /* statue.obj */,
				EB7EA6AE21927336009135E7 /* globe.obj */,
				EB08F5CB218A15B6008E1DC4 /* pirate_ship.obj */,
			);
			path = "obj-files";
			sourceTree = "<group>";
		};
		EBF0E0AB21859D450021E67E /* Input */ = {
			isa = PBXGroup;
			children = (
				EBF0E0AD21859D590021E67E /* Keyboard.swift */,
				EBF0E0AE21859D590021E67E /* KeyCodes.swift */,
				EBF0E0AC21859D590021E67E /* Mouse.swift */,
			);
			path = Input;
			sourceTree = "<group>";
		};
		EBF0E0EE2186437A0021E67E /* Loaders */ = {
			isa = PBXGroup;
			children = (
				EBF0E0EF218643920021E67E /* TextureLoader.swift */,
				EBF0E0FF2186A0620021E67E /* TerrainLoader.swift */,
				EB41D3C821AA4A7F00869330 /* TextLoader.swift */,
			);
			path = Loaders;
			sourceTree = "<group>";
		};
		EBF0E0F1218644900021E67E /* cube_mapping-textures */ = {
			isa = PBXGroup;
			children = (
				EB6A0FFB2184F8360036DB93 /* sky */,
			);
			path = "cube_mapping-textures";
			sourceTree = "<group>";
		};
		EBF67916219BC1E6004CF536 /* normal-textures */ = {
			isa = PBXGroup;
			children = (
				EBF67908219BBA09004CF536 /* crateNormal.png */,
				EBF67906219BBA09004CF536 /* barrelNormal.png */,
				EBF67907219BBA09004CF536 /* boulderNormal.png */,
			);
			path = "normal-textures";
			sourceTree = "<group>";
		};
		EBF8571521A513A200D629B4 /* spritesheet_textures */ = {
			isa = PBXGroup;
			children = (
				EBF8573921A739AE00D629B4 /* player_spritesheet_fixed_large.png */,
				EBF8573721A736D300D629B4 /* players.png */,
			);
			path = spritesheet_textures;
			sourceTree = "<group>";
		};
		EBF8571F21A5E2CF00D629B4 /* Animations */ = {
			isa = PBXGroup;
			children = (
				EBF8572021A5E33300D629B4 /* Animations.swift */,
				EBF8572221A5E35D00D629B4 /* 2D */,
			);
			path = Animations;
			sourceTree = "<group>";
		};
		EBF8572221A5E35D00D629B4 /* 2D */ = {
			isa = PBXGroup;
			children = (
				EBF8571621A513F400D629B4 /* SpriteSheetLibrary.swift */,
				EBF8571C21A5DDB300D629B4 /* AnimationLibrary.swift */,
			);
			path = 2D;
			sourceTree = "<group>";
		};
		EBF8572C21A6031400D629B4 /* spacial_partitioning */ = {
			isa = PBXGroup;
			children = (
				EBF8572D21A6034400D629B4 /* World.swift */,
			);
			path = spacial_partitioning;
			sourceTree = "<group>";
		};
		EBF8573B21A742E100D629B4 /* CastleDefense */ = {
			isa = PBXGroup;
			children = (
				EBF8573E21A7449200D629B4 /* scenes */,
				EBF8573F21A7462B00D629B4 /* objects */,
			);
			path = CastleDefense;
			sourceTree = "<group>";
		};
		EBF8573E21A7449200D629B4 /* scenes */ = {
			isa = PBXGroup;
			children = (
				EBF8573C21A743C900D629B4 /* CastleDefenseScene.swift */,
			);
			path = scenes;
			sourceTree = "<group>";
		};
		EBF8573F21A7462B00D629B4 /* objects */ = {
			isa = PBXGroup;
			children = (
				EBF8574221A7487900D629B4 /* Friendly.swift */,
				EBF8574021A7468E00D629B4 /* Enemy.swift */,
			);
			path = objects;
			sourceTree = "<group>";
		};
/* End PBXGroup section */

/* Begin PBXNativeTarget section */
		EB3D1269217A9EBE00FD4CF6 /* The-Dark-Place */ = {
			isa = PBXNativeTarget;
			buildConfigurationList = EB3D1285217A9EBF00FD4CF6 /* Build configuration list for PBXNativeTarget "The-Dark-Place" */;
			buildPhases = (
				EB3D1266217A9EBE00FD4CF6 /* Sources */,
				EB3D1267217A9EBE00FD4CF6 /* Frameworks */,
				EB3D1268217A9EBE00FD4CF6 /* Resources */,
			);
			buildRules = (
			);
			dependencies = (
			);
			name = "The-Dark-Place";
			productName = "The-Dark-Place";
			productReference = EB3D126A217A9EBE00FD4CF6 /* The-Dark-Place.app */;
			productType = "com.apple.product-type.application";
		};
		EB3D127B217A9EBF00FD4CF6 /* The-Dark-PlaceTests */ = {
			isa = PBXNativeTarget;
			buildConfigurationList = EB3D1288217A9EBF00FD4CF6 /* Build configuration list for PBXNativeTarget "The-Dark-PlaceTests" */;
			buildPhases = (
				EB3D1278217A9EBF00FD4CF6 /* Sources */,
				EB3D1279217A9EBF00FD4CF6 /* Frameworks */,
				EB3D127A217A9EBF00FD4CF6 /* Resources */,
			);
			buildRules = (
			);
			dependencies = (
				EB3D127E217A9EBF00FD4CF6 /* PBXTargetDependency */,
			);
			name = "The-Dark-PlaceTests";
			productName = "The-Dark-PlaceTests";
			productReference = EB3D127C217A9EBF00FD4CF6 /* The-Dark-PlaceTests.xctest */;
			productType = "com.apple.product-type.bundle.unit-test";
		};
/* End PBXNativeTarget section */

/* Begin PBXProject section */
		EB3D1262217A9EBE00FD4CF6 /* Project object */ = {
			isa = PBXProject;
			attributes = {
				LastSwiftUpdateCheck = 1000;
				LastUpgradeCheck = 1000;
				ORGANIZATIONNAME = 2etime;
				TargetAttributes = {
					EB3D1269217A9EBE00FD4CF6 = {
						CreatedOnToolsVersion = 10.0;
					};
					EB3D127B217A9EBF00FD4CF6 = {
						CreatedOnToolsVersion = 10.0;
						TestTargetID = EB3D1269217A9EBE00FD4CF6;
					};
				};
			};
			buildConfigurationList = EB3D1265217A9EBE00FD4CF6 /* Build configuration list for PBXProject "The-Dark-Place" */;
			compatibilityVersion = "Xcode 9.3";
			developmentRegion = en;
			hasScannedForEncodings = 0;
			knownRegions = (
				en,
				Base,
			);
			mainGroup = EB3D1261217A9EBE00FD4CF6;
			productRefGroup = EB3D126B217A9EBE00FD4CF6 /* Products */;
			projectDirPath = "";
			projectRoot = "";
			targets = (
				EB3D1269217A9EBE00FD4CF6 /* The-Dark-Place */,
				EB3D127B217A9EBF00FD4CF6 /* The-Dark-PlaceTests */,
			);
		};
/* End PBXProject section */

/* Begin PBXResourcesBuildPhase section */
		EB3D1268217A9EBE00FD4CF6 /* Resources */ = {
			isa = PBXResourcesBuildPhase;
			buildActionMask = 2147483647;
			files = (
				EB7EA6AF21927336009135E7 /* globe.obj in Resources */,
				EB7EA6BA219275A1009135E7 /* globe_compass.mat in Resources */,
				EB6A10042184F86A0036DB93 /* sky_right.png in Resources */,
				EB08F5D8218AA1A0008E1DC4 /* cruiser.bmp in Resources */,
				EB08F5D6218AA18B008E1DC4 /* cruiser.obj in Resources */,
				EB4EA360219A417700C34DAB /* grassFlowers.png in Resources */,
				EB6A0FF92184E03C0036DB93 /* Assets.xcassets in Resources */,
				EBF67913219BBA09004CF536 /* boulder.png in Resources */,
				EBF8573A21A739AE00D629B4 /* player_spritesheet_fixed_large.png in Resources */,
				EB4EA358219A413900C34DAB /* blendMap.png in Resources */,
				EB08F5D0218A20FA008E1DC4 /* pirate_ship.mtl in Resources */,
				EBF6790F219BBA09004CF536 /* barrelNormal.png in Resources */,
				EBF67910219BBA09004CF536 /* boulderNormal.png in Resources */,
				EBF8573821A736D400D629B4 /* players.png in Resources */,
				EBEACBA7219A7F59001577B5 /* Campfire_01.mtl in Resources */,
				EB6A10052184F86A0036DB93 /* sky_back.png in Resources */,
				EB4EA35C219A415100C34DAB /* grassy2.png in Resources */,
				EB08F5CC218A15B6008E1DC4 /* pirate_ship.obj in Resources */,
				EBF67912219BBA09004CF536 /* crate.png in Resources */,
				EBF67911219BBA09004CF536 /* crateNormal.png in Resources */,
				EB08F5CA218A127F008E1DC4 /* armadillo.obj in Resources */,
				EBEACBA6219A7F59001577B5 /* Campfire_01.obj in Resources */,
				EBF8570E21A4F94F00D629B4 /* bird.png in Resources */,
				EBF6790E219BBA09004CF536 /* boulder.obj in Resources */,
				EBF0E0F4218645B30021E67E /* grass.png in Resources */,
				EBEACBAB219A7F63001577B5 /* Mushroom_Red_01.obj in Resources */,
				EB3D1275217A9EBF00FD4CF6 /* Main.storyboard in Resources */,
				EBEACBAE219A7F71001577B5 /* Tent_01.obj in Resources */,
				EBEACBAA219A7F63001577B5 /* Mushroom_Red_01.mtl in Resources */,
				EBEACBA1219A7F45001577B5 /* Tent_Poles_01.obj in Resources */,
				EB08F5D2218A9824008E1DC4 /* suzanne.obj in Resources */,
				EBEACBA3219A7F4C001577B5 /* Tent_Poles_01.mtl in Resources */,
				EB41D3A521A9993500869330 /* crazyFont.png in Resources */,
				EBEACBAF219A7F71001577B5 /* Tent_01.mtl in Resources */,
				EB41D3A421A9993500869330 /* crazyFont.fnt in Resources */,
				EBF0E0FA21866F690021E67E /* standing_grass.png in Resources */,
				EB4EA35E219A415800C34DAB /* path.png in Resources */,
				EB6A1019218519850036DB93 /* sky_bottom.png in Resources */,
				EB7EA6AB219270E9009135E7 /* statue.obj in Resources */,
				EB7EA6B321927521009135E7 /* globe_moon.mat in Resources */,
				EBF6790C219BBA09004CF536 /* barrel.png in Resources */,
				EBF6790D219BBA09004CF536 /* barrel.obj in Resources */,
				EB6A10072184F86A0036DB93 /* sky_top.png in Resources */,
				EB6A10032184F86A0036DB93 /* sky_left.png in Resources */,
				EB6A10022184F86A0036DB93 /* sky_front.png in Resources */,
				EBF0E0F6218649230021E67E /* face.png in Resources */,
				EBF6790B219BBA09004CF536 /* crate.obj in Resources */,
				EB4EA35A219A414600C34DAB /* mud.png in Resources */,
			);
			runOnlyForDeploymentPostprocessing = 0;
		};
		EB3D127A217A9EBF00FD4CF6 /* Resources */ = {
			isa = PBXResourcesBuildPhase;
			buildActionMask = 2147483647;
			files = (
			);
			runOnlyForDeploymentPostprocessing = 0;
		};
/* End PBXResourcesBuildPhase section */

/* Begin PBXSourcesBuildPhase section */
		EB3D1266217A9EBE00FD4CF6 /* Sources */ = {
			isa = PBXSourcesBuildPhase;
			buildActionMask = 2147483647;
			files = (
				EB3D12F8217D2EC700FD4CF6 /* GameTime.swift in Sources */,
				EBF0E0AF21859D590021E67E /* Mouse.swift in Sources */,
				EB6A0FF32182ADCD0036DB93 /* SharedMetal.metal in Sources */,
				EB3D12B3217AED9100FD4CF6 /* FragmentShaderLibrary.swift in Sources */,
				EB5287F0219A894F00EC7EAF /* Tent.swift in Sources */,
				EB3D12E9217D207100FD4CF6 /* GameHandler.swift in Sources */,
				EBF0E0A521856EE60021E67E /* CubeTextureLibrary.swift in Sources */,
				EBF67915219BBA54004CF536 /* Barrel.swift in Sources */,
				EB3D128E217AAEED00FD4CF6 /* MainView.swift in Sources */,
				EB3D12F1217D257900FD4CF6 /* Math.swift in Sources */,
				EBF0E0F821864F730021E67E /* Materialable.swift in Sources */,
				EB3D12E4217D1DE600FD4CF6 /* Scene.swift in Sources */,
				EB3D1293217AB76E00FD4CF6 /* DarkEngine.swift in Sources */,
				EBC3CD49218BE7C700E905FA /* InstancedShaders.metal in Sources */,
				EB3D129C217ACA6400FD4CF6 /* BasicShaders.metal in Sources */,
				EBEACBB1219A804E001577B5 /* TentPoles.swift in Sources */,
				EB5AFF7C218780CD000E30B4 /* ModelGameObject.swift in Sources */,
				EB5287F2219A8A6500EC7EAF /* Campfire.swift in Sources */,
				EBF8571D21A5DDB300D629B4 /* AnimationLibrary.swift in Sources */,
				EBF0E0ED218642AD0021E67E /* TextureLibrary.swift in Sources */,
				EBF0E0F0218643920021E67E /* TextureLoader.swift in Sources */,
				EB3D130E217EC14E00FD4CF6 /* Quad_CustomMesh.swift in Sources */,
				EBB5C69F21993E400006663F /* RenderPassDescriptorLibrary.swift in Sources */,
				EB3D12CB217D0DD000FD4CF6 /* CustomMesh.swift in Sources */,
				EB7EA6AD219271B6009135E7 /* Statue.swift in Sources */,
				EBF0E0E9218617A20021E67E /* TerrainGameObject.swift in Sources */,
				EB6A0FF12182AB920036DB93 /* SkyboxShader.metal in Sources */,
				EB3D126E217A9EBE00FD4CF6 /* AppDelegate.swift in Sources */,
				EB5AFF9E2188083B000E30B4 /* Armadillo.swift in Sources */,
				EB3D12E7217D1F5200FD4CF6 /* PlaygroundScene.swift in Sources */,
				EBEACB8F219A60CE001577B5 /* MultiTerrainTexture.swift in Sources */,
				EB3D12CF217D0EA100FD4CF6 /* Triangle_CustomMesh.swift in Sources */,
				EBF8573021A6073900D629B4 /* CollisionBox.swift in Sources */,
				EBF8573221A6079800D629B4 /* CubeBoundsMesh.swift in Sources */,
				EBF0E0B121859D590021E67E /* KeyCodes.swift in Sources */,
				EBEACB98219A7C15001577B5 /* SingleTextureTerrain.swift in Sources */,
				EBF0E1002186A0620021E67E /* TerrainLoader.swift in Sources */,
				EB3D1299217AC49000FD4CF6 /* Types.swift in Sources */,
				EBF8574321A7487900D629B4 /* Friendly.swift in Sources */,
				EB3D12BF217D09FD00FD4CF6 /* MeshLibrary.swift in Sources */,
				EB3D12B6217AF22A00FD4CF6 /* Node.swift in Sources */,
				EB08F5DA218AA30F008E1DC4 /* Cruiser.swift in Sources */,
				EB3D12FC217D352400FD4CF6 /* Camera.swift in Sources */,
				EBC3CD4B218BE8C000E905FA /* GrassPatch.swift in Sources */,
				EBC3CD45218AB4DF00E905FA /* InstancedGameObject.swift in Sources */,
				EB3D12D2217D10E900FD4CF6 /* Entities.swift in Sources */,
				EBF8571721A513F400D629B4 /* SpriteSheetLibrary.swift in Sources */,
				EB3D12AA217ADFB100FD4CF6 /* Graphics.swift in Sources */,
				EBF8573D21A743C900D629B4 /* CastleDefenseScene.swift in Sources */,
				EB41D3C521AA08EE00869330 /* FontRendering.metal in Sources */,
				EB3D12BC217AF34C00FD4CF6 /* GameObject.swift in Sources */,
				EBF8574121A7468E00D629B4 /* Enemy.swift in Sources */,
				EB3D12AF217AE6DB00FD4CF6 /* VertexDescriptorLibrary.swift in Sources */,
				EBF8572A21A6025400D629B4 /* BasicScene.swift in Sources */,
				EB6A1009218502050036DB93 /* NSImage.swift in Sources */,
				EBF0E0FE218691000021E67E /* float4.swift in Sources */,
				EB3D1296217AB95D00FD4CF6 /* Colors.swift in Sources */,
				EB41D3AE21A9A86900869330 /* String.swift in Sources */,
				EB3D12A0217AD24800FD4CF6 /* RenderPipelineStateLibrary.swift in Sources */,
				EBEACB96219A796C001577B5 /* MultiTextureTerrain.swift in Sources */,
				EB3D1308217D49DF00FD4CF6 /* GameView.swift in Sources */,
				EBF8572E21A6034400D629B4 /* World.swift in Sources */,
				EB3D12E0217D1D6900FD4CF6 /* SceneManager.swift in Sources */,
				EBF8573421A60AA900D629B4 /* BoundingShaders.metal in Sources */,
				EB3D12F4217D28E300FD4CF6 /* matrix_float4x4.swift in Sources */,
				EB3D130A217D4D1100FD4CF6 /* Cube_CustomMesh.swift in Sources */,
				EB7AFAF4218008B1001D8172 /* Options.swift in Sources */,
				EB7EA6B121927399009135E7 /* Globe.swift in Sources */,
				EB41D3C921AA4A7F00869330 /* TextLoader.swift in Sources */,
				EB5AFF9921880758000E30B4 /* ModelMesh.swift in Sources */,
				EB3D12CD217D0E7700FD4CF6 /* Mesh.swift in Sources */,
				EB3D12EC217D24B800FD4CF6 /* Triangle.swift in Sources */,
				EB3D12A8217AD94D00FD4CF6 /* Library.swift in Sources */,
				EB6A0FF52182B5FF0036DB93 /* SkyboxGameObject.swift in Sources */,
				EB3D1300217D3A7300FD4CF6 /* Camera_Debug.swift in Sources */,
				EB3D1310217EC2B500FD4CF6 /* Quad.swift in Sources */,
				EBF8572121A5E33300D629B4 /* Animations.swift in Sources */,
				EB08F5D4218A983C008E1DC4 /* Suzanne.swift in Sources */,
				EB5AFF8D2188049A000E30B4 /* ModelShaders.metal in Sources */,
				EBF8574521A7B82F00D629B4 /* Camera_Ortho.swift in Sources */,
				EB3D1302217D43E200FD4CF6 /* DepthStencilStateLibrary.swift in Sources */,
				EB3D130C217D4D2600FD4CF6 /* Cube.swift in Sources */,
				EB08F5CE218A16E8008E1DC4 /* PirateShip.swift in Sources */,
				EBF0E0FC218680B50021E67E /* StandingGrass.swift in Sources */,
				EBB5C69D219927060006663F /* SamplerStateLibrary.swift in Sources */,
				EB41D3C721AA475F00869330 /* TextMeshLibrary.swift in Sources */,
				EB463150219FDEE600F67B66 /* DepthShaders.metal in Sources */,
				EBF0E0B021859D590021E67E /* Keyboard.swift in Sources */,
				EB41D3C021AA07B300869330 /* TextGUI.swift in Sources */,
				EBF0E0EB218638AA0021E67E /* TerrainShaders.metal in Sources */,
				EB7EA6BF2192775D009135E7 /* Card.swift in Sources */,
				EB41D3CB21AA4C7800869330 /* TextMesh.swift in Sources */,
				EB3D12B1217AEA4100FD4CF6 /* VertexShaderLibrary.swift in Sources */,
				EB3D1290217AB6CB00FD4CF6 /* Renderer.swift in Sources */,
				EBF0E1022186A2B20021E67E /* TerrainMesh.swift in Sources */,
				EB3D12B9217AF2C200FD4CF6 /* Renderable.swift in Sources */,
			);
			runOnlyForDeploymentPostprocessing = 0;
		};
		EB3D1278217A9EBF00FD4CF6 /* Sources */ = {
			isa = PBXSourcesBuildPhase;
			buildActionMask = 2147483647;
			files = (
				EB3D1281217A9EBF00FD4CF6 /* The_Dark_PlaceTests.swift in Sources */,
			);
			runOnlyForDeploymentPostprocessing = 0;
		};
/* End PBXSourcesBuildPhase section */

/* Begin PBXTargetDependency section */
		EB3D127E217A9EBF00FD4CF6 /* PBXTargetDependency */ = {
			isa = PBXTargetDependency;
			target = EB3D1269217A9EBE00FD4CF6 /* The-Dark-Place */;
			targetProxy = EB3D127D217A9EBF00FD4CF6 /* PBXContainerItemProxy */;
		};
/* End PBXTargetDependency section */

/* Begin PBXVariantGroup section */
		EB3D1273217A9EBF00FD4CF6 /* Main.storyboard */ = {
			isa = PBXVariantGroup;
			children = (
				EB3D1274217A9EBF00FD4CF6 /* Base */,
			);
			name = Main.storyboard;
			sourceTree = "<group>";
		};
/* End PBXVariantGroup section */

/* Begin XCBuildConfiguration section */
		EB3D1283217A9EBF00FD4CF6 /* Debug */ = {
			isa = XCBuildConfiguration;
			buildSettings = {
				ALWAYS_SEARCH_USER_PATHS = NO;
				CLANG_ANALYZER_NONNULL = YES;
				CLANG_ANALYZER_NUMBER_OBJECT_CONVERSION = YES_AGGRESSIVE;
				CLANG_CXX_LANGUAGE_STANDARD = "gnu++14";
				CLANG_CXX_LIBRARY = "libc++";
				CLANG_ENABLE_MODULES = YES;
				CLANG_ENABLE_OBJC_ARC = YES;
				CLANG_ENABLE_OBJC_WEAK = YES;
				CLANG_WARN_BLOCK_CAPTURE_AUTORELEASING = YES;
				CLANG_WARN_BOOL_CONVERSION = YES;
				CLANG_WARN_COMMA = YES;
				CLANG_WARN_CONSTANT_CONVERSION = YES;
				CLANG_WARN_DEPRECATED_OBJC_IMPLEMENTATIONS = YES;
				CLANG_WARN_DIRECT_OBJC_ISA_USAGE = YES_ERROR;
				CLANG_WARN_DOCUMENTATION_COMMENTS = YES;
				CLANG_WARN_EMPTY_BODY = YES;
				CLANG_WARN_ENUM_CONVERSION = YES;
				CLANG_WARN_INFINITE_RECURSION = YES;
				CLANG_WARN_INT_CONVERSION = YES;
				CLANG_WARN_NON_LITERAL_NULL_CONVERSION = YES;
				CLANG_WARN_OBJC_IMPLICIT_RETAIN_SELF = YES;
				CLANG_WARN_OBJC_LITERAL_CONVERSION = YES;
				CLANG_WARN_OBJC_ROOT_CLASS = YES_ERROR;
				CLANG_WARN_RANGE_LOOP_ANALYSIS = YES;
				CLANG_WARN_STRICT_PROTOTYPES = YES;
				CLANG_WARN_SUSPICIOUS_MOVE = YES;
				CLANG_WARN_UNGUARDED_AVAILABILITY = YES_AGGRESSIVE;
				CLANG_WARN_UNREACHABLE_CODE = YES;
				CLANG_WARN__DUPLICATE_METHOD_MATCH = YES;
				CODE_SIGN_IDENTITY = "-";
				COPY_PHASE_STRIP = NO;
				DEBUG_INFORMATION_FORMAT = dwarf;
				ENABLE_STRICT_OBJC_MSGSEND = YES;
				ENABLE_TESTABILITY = YES;
				GCC_C_LANGUAGE_STANDARD = gnu11;
				GCC_DYNAMIC_NO_PIC = NO;
				GCC_NO_COMMON_BLOCKS = YES;
				GCC_OPTIMIZATION_LEVEL = 0;
				GCC_PREPROCESSOR_DEFINITIONS = (
					"DEBUG=1",
					"$(inherited)",
				);
				GCC_WARN_64_TO_32_BIT_CONVERSION = YES;
				GCC_WARN_ABOUT_RETURN_TYPE = YES_ERROR;
				GCC_WARN_UNDECLARED_SELECTOR = YES;
				GCC_WARN_UNINITIALIZED_AUTOS = YES_AGGRESSIVE;
				GCC_WARN_UNUSED_FUNCTION = YES;
				GCC_WARN_UNUSED_VARIABLE = YES;
				MACOSX_DEPLOYMENT_TARGET = 10.14;
				MTL_ENABLE_DEBUG_INFO = INCLUDE_SOURCE;
				MTL_FAST_MATH = YES;
				ONLY_ACTIVE_ARCH = YES;
				SDKROOT = macosx;
				SWIFT_ACTIVE_COMPILATION_CONDITIONS = DEBUG;
				SWIFT_OPTIMIZATION_LEVEL = "-Onone";
			};
			name = Debug;
		};
		EB3D1284217A9EBF00FD4CF6 /* Release */ = {
			isa = XCBuildConfiguration;
			buildSettings = {
				ALWAYS_SEARCH_USER_PATHS = NO;
				CLANG_ANALYZER_NONNULL = YES;
				CLANG_ANALYZER_NUMBER_OBJECT_CONVERSION = YES_AGGRESSIVE;
				CLANG_CXX_LANGUAGE_STANDARD = "gnu++14";
				CLANG_CXX_LIBRARY = "libc++";
				CLANG_ENABLE_MODULES = YES;
				CLANG_ENABLE_OBJC_ARC = YES;
				CLANG_ENABLE_OBJC_WEAK = YES;
				CLANG_WARN_BLOCK_CAPTURE_AUTORELEASING = YES;
				CLANG_WARN_BOOL_CONVERSION = YES;
				CLANG_WARN_COMMA = YES;
				CLANG_WARN_CONSTANT_CONVERSION = YES;
				CLANG_WARN_DEPRECATED_OBJC_IMPLEMENTATIONS = YES;
				CLANG_WARN_DIRECT_OBJC_ISA_USAGE = YES_ERROR;
				CLANG_WARN_DOCUMENTATION_COMMENTS = YES;
				CLANG_WARN_EMPTY_BODY = YES;
				CLANG_WARN_ENUM_CONVERSION = YES;
				CLANG_WARN_INFINITE_RECURSION = YES;
				CLANG_WARN_INT_CONVERSION = YES;
				CLANG_WARN_NON_LITERAL_NULL_CONVERSION = YES;
				CLANG_WARN_OBJC_IMPLICIT_RETAIN_SELF = YES;
				CLANG_WARN_OBJC_LITERAL_CONVERSION = YES;
				CLANG_WARN_OBJC_ROOT_CLASS = YES_ERROR;
				CLANG_WARN_RANGE_LOOP_ANALYSIS = YES;
				CLANG_WARN_STRICT_PROTOTYPES = YES;
				CLANG_WARN_SUSPICIOUS_MOVE = YES;
				CLANG_WARN_UNGUARDED_AVAILABILITY = YES_AGGRESSIVE;
				CLANG_WARN_UNREACHABLE_CODE = YES;
				CLANG_WARN__DUPLICATE_METHOD_MATCH = YES;
				CODE_SIGN_IDENTITY = "-";
				COPY_PHASE_STRIP = NO;
				DEBUG_INFORMATION_FORMAT = "dwarf-with-dsym";
				ENABLE_NS_ASSERTIONS = NO;
				ENABLE_STRICT_OBJC_MSGSEND = YES;
				GCC_C_LANGUAGE_STANDARD = gnu11;
				GCC_NO_COMMON_BLOCKS = YES;
				GCC_WARN_64_TO_32_BIT_CONVERSION = YES;
				GCC_WARN_ABOUT_RETURN_TYPE = YES_ERROR;
				GCC_WARN_UNDECLARED_SELECTOR = YES;
				GCC_WARN_UNINITIALIZED_AUTOS = YES_AGGRESSIVE;
				GCC_WARN_UNUSED_FUNCTION = YES;
				GCC_WARN_UNUSED_VARIABLE = YES;
				MACOSX_DEPLOYMENT_TARGET = 10.14;
				MTL_ENABLE_DEBUG_INFO = NO;
				MTL_FAST_MATH = YES;
				SDKROOT = macosx;
				SWIFT_COMPILATION_MODE = wholemodule;
				SWIFT_OPTIMIZATION_LEVEL = "-O";
			};
			name = Release;
		};
		EB3D1286217A9EBF00FD4CF6 /* Debug */ = {
			isa = XCBuildConfiguration;
			buildSettings = {
				ASSETCATALOG_COMPILER_APPICON_NAME = AppIcon;
				CODE_SIGN_ENTITLEMENTS = "The-Dark-Place/OtherFiles/The_Dark_Place.entitlements";
				CODE_SIGN_STYLE = Automatic;
				COMBINE_HIDPI_IMAGES = YES;
				INFOPLIST_FILE = "$(SRCROOT)/The-Dark-Place/OtherFiles/Info.plist";
				LD_RUNPATH_SEARCH_PATHS = (
					"$(inherited)",
					"@executable_path/../Frameworks",
				);
				PRODUCT_BUNDLE_IDENTIFIER = "net.ricktwohy.The-Dark-Place";
				PRODUCT_NAME = "$(TARGET_NAME)";
				SWIFT_VERSION = 4.2;
			};
			name = Debug;
		};
		EB3D1287217A9EBF00FD4CF6 /* Release */ = {
			isa = XCBuildConfiguration;
			buildSettings = {
				ASSETCATALOG_COMPILER_APPICON_NAME = AppIcon;
				CODE_SIGN_ENTITLEMENTS = "The-Dark-Place/OtherFiles/The_Dark_Place.entitlements";
				CODE_SIGN_STYLE = Automatic;
				COMBINE_HIDPI_IMAGES = YES;
				INFOPLIST_FILE = "$(SRCROOT)/The-Dark-Place/OtherFiles/Info.plist";
				LD_RUNPATH_SEARCH_PATHS = (
					"$(inherited)",
					"@executable_path/../Frameworks",
				);
				PRODUCT_BUNDLE_IDENTIFIER = "net.ricktwohy.The-Dark-Place";
				PRODUCT_NAME = "$(TARGET_NAME)";
				SWIFT_VERSION = 4.2;
			};
			name = Release;
		};
		EB3D1289217A9EBF00FD4CF6 /* Debug */ = {
			isa = XCBuildConfiguration;
			buildSettings = {
				ALWAYS_EMBED_SWIFT_STANDARD_LIBRARIES = YES;
				BUNDLE_LOADER = "$(TEST_HOST)";
				CODE_SIGN_STYLE = Automatic;
				COMBINE_HIDPI_IMAGES = YES;
				INFOPLIST_FILE = "The-Dark-PlaceTests/Info.plist";
				LD_RUNPATH_SEARCH_PATHS = (
					"$(inherited)",
					"@executable_path/../Frameworks",
					"@loader_path/../Frameworks",
				);
				PRODUCT_BUNDLE_IDENTIFIER = "net.ricktwohy.The-Dark-PlaceTests";
				PRODUCT_NAME = "$(TARGET_NAME)";
				SWIFT_VERSION = 4.2;
				TEST_HOST = "$(BUILT_PRODUCTS_DIR)/The-Dark-Place.app/Contents/MacOS/The-Dark-Place";
			};
			name = Debug;
		};
		EB3D128A217A9EBF00FD4CF6 /* Release */ = {
			isa = XCBuildConfiguration;
			buildSettings = {
				ALWAYS_EMBED_SWIFT_STANDARD_LIBRARIES = YES;
				BUNDLE_LOADER = "$(TEST_HOST)";
				CODE_SIGN_STYLE = Automatic;
				COMBINE_HIDPI_IMAGES = YES;
				INFOPLIST_FILE = "The-Dark-PlaceTests/Info.plist";
				LD_RUNPATH_SEARCH_PATHS = (
					"$(inherited)",
					"@executable_path/../Frameworks",
					"@loader_path/../Frameworks",
				);
				PRODUCT_BUNDLE_IDENTIFIER = "net.ricktwohy.The-Dark-PlaceTests";
				PRODUCT_NAME = "$(TARGET_NAME)";
				SWIFT_VERSION = 4.2;
				TEST_HOST = "$(BUILT_PRODUCTS_DIR)/The-Dark-Place.app/Contents/MacOS/The-Dark-Place";
			};
			name = Release;
		};
/* End XCBuildConfiguration section */

/* Begin XCConfigurationList section */
		EB3D1265217A9EBE00FD4CF6 /* Build configuration list for PBXProject "The-Dark-Place" */ = {
			isa = XCConfigurationList;
			buildConfigurations = (
				EB3D1283217A9EBF00FD4CF6 /* Debug */,
				EB3D1284217A9EBF00FD4CF6 /* Release */,
			);
			defaultConfigurationIsVisible = 0;
			defaultConfigurationName = Release;
		};
		EB3D1285217A9EBF00FD4CF6 /* Build configuration list for PBXNativeTarget "The-Dark-Place" */ = {
			isa = XCConfigurationList;
			buildConfigurations = (
				EB3D1286217A9EBF00FD4CF6 /* Debug */,
				EB3D1287217A9EBF00FD4CF6 /* Release */,
			);
			defaultConfigurationIsVisible = 0;
			defaultConfigurationName = Release;
		};
		EB3D1288217A9EBF00FD4CF6 /* Build configuration list for PBXNativeTarget "The-Dark-PlaceTests" */ = {
			isa = XCConfigurationList;
			buildConfigurations = (
				EB3D1289217A9EBF00FD4CF6 /* Debug */,
				EB3D128A217A9EBF00FD4CF6 /* Release */,
			);
			defaultConfigurationIsVisible = 0;
			defaultConfigurationName = Release;
		};
/* End XCConfigurationList section */
	};
	rootObject = EB3D1262217A9EBE00FD4CF6 /* Project object */;
}
