// !$*UTF8*$!
{
	archiveVersion = 1;
	classes = {
	};
	objectVersion = 50;
	objects = {

/* Begin PBXBuildFile section */
		EB3D126E217A9EBE00FD4CF6 /* AppDelegate.swift in Sources */ = {isa = PBXBuildFile; fileRef = EB3D126D217A9EBE00FD4CF6 /* AppDelegate.swift */; };
		EB3D1272217A9EBF00FD4CF6 /* Assets.xcassets in Resources */ = {isa = PBXBuildFile; fileRef = EB3D1271217A9EBF00FD4CF6 /* Assets.xcassets */; };
		EB3D1275217A9EBF00FD4CF6 /* Main.storyboard in Resources */ = {isa = PBXBuildFile; fileRef = EB3D1273217A9EBF00FD4CF6 /* Main.storyboard */; };
		EB3D1281217A9EBF00FD4CF6 /* The_Dark_PlaceTests.swift in Sources */ = {isa = PBXBuildFile; fileRef = EB3D1280217A9EBF00FD4CF6 /* The_Dark_PlaceTests.swift */; };
		EB3D128E217AAEED00FD4CF6 /* MainView.swift in Sources */ = {isa = PBXBuildFile; fileRef = EB3D128D217AAEED00FD4CF6 /* MainView.swift */; };
		EB3D1290217AB6CB00FD4CF6 /* Renderer.swift in Sources */ = {isa = PBXBuildFile; fileRef = EB3D128F217AB6CB00FD4CF6 /* Renderer.swift */; };
		EB3D1293217AB76E00FD4CF6 /* DarkEngine.swift in Sources */ = {isa = PBXBuildFile; fileRef = EB3D1292217AB76E00FD4CF6 /* DarkEngine.swift */; };
		EB3D1296217AB95D00FD4CF6 /* Colors.swift in Sources */ = {isa = PBXBuildFile; fileRef = EB3D1295217AB95D00FD4CF6 /* Colors.swift */; };
		EB3D1299217AC49000FD4CF6 /* Types.swift in Sources */ = {isa = PBXBuildFile; fileRef = EB3D1298217AC49000FD4CF6 /* Types.swift */; };
		EB3D129C217ACA6400FD4CF6 /* MetalShaders.metal in Sources */ = {isa = PBXBuildFile; fileRef = EB3D129B217ACA6400FD4CF6 /* MetalShaders.metal */; };
		EB3D12A0217AD24800FD4CF6 /* RenderPipelineStateLibrary.swift in Sources */ = {isa = PBXBuildFile; fileRef = EB3D129F217AD24800FD4CF6 /* RenderPipelineStateLibrary.swift */; };
		EB3D12A8217AD94D00FD4CF6 /* Library.swift in Sources */ = {isa = PBXBuildFile; fileRef = EB3D12A7217AD94D00FD4CF6 /* Library.swift */; };
		EB3D12AA217ADFB100FD4CF6 /* Graphics.swift in Sources */ = {isa = PBXBuildFile; fileRef = EB3D12A9217ADFB100FD4CF6 /* Graphics.swift */; };
		EB3D12AD217AE37000FD4CF6 /* RenderPipelineDescriptorLibrary.swift in Sources */ = {isa = PBXBuildFile; fileRef = EB3D12AC217AE37000FD4CF6 /* RenderPipelineDescriptorLibrary.swift */; };
		EB3D12AF217AE6DB00FD4CF6 /* VertexDescriptorLibrary.swift in Sources */ = {isa = PBXBuildFile; fileRef = EB3D12AE217AE6DB00FD4CF6 /* VertexDescriptorLibrary.swift */; };
		EB3D12B1217AEA4100FD4CF6 /* VertexShaderLibrary.swift in Sources */ = {isa = PBXBuildFile; fileRef = EB3D12B0217AEA4100FD4CF6 /* VertexShaderLibrary.swift */; };
		EB3D12B3217AED9100FD4CF6 /* FragmentShaderLibrary.swift in Sources */ = {isa = PBXBuildFile; fileRef = EB3D12B2217AED9100FD4CF6 /* FragmentShaderLibrary.swift */; };
		EB3D12B6217AF22A00FD4CF6 /* Node.swift in Sources */ = {isa = PBXBuildFile; fileRef = EB3D12B5217AF22A00FD4CF6 /* Node.swift */; };
		EB3D12B9217AF2C200FD4CF6 /* Renderable.swift in Sources */ = {isa = PBXBuildFile; fileRef = EB3D12B8217AF2C200FD4CF6 /* Renderable.swift */; };
		EB3D12BC217AF34C00FD4CF6 /* CustomGameObject.swift in Sources */ = {isa = PBXBuildFile; fileRef = EB3D12BB217AF34C00FD4CF6 /* CustomGameObject.swift */; };
		EB3D12BF217D09FD00FD4CF6 /* CustomMeshLibrary.swift in Sources */ = {isa = PBXBuildFile; fileRef = EB3D12BE217D09FD00FD4CF6 /* CustomMeshLibrary.swift */; };
		EB3D12CB217D0DD000FD4CF6 /* CustomMesh.swift in Sources */ = {isa = PBXBuildFile; fileRef = EB3D12CA217D0DD000FD4CF6 /* CustomMesh.swift */; };
		EB3D12CD217D0E7700FD4CF6 /* Mesh.swift in Sources */ = {isa = PBXBuildFile; fileRef = EB3D12CC217D0E7700FD4CF6 /* Mesh.swift */; };
		EB3D12CF217D0EA100FD4CF6 /* Triangle_CustomMesh.swift in Sources */ = {isa = PBXBuildFile; fileRef = EB3D12CE217D0EA100FD4CF6 /* Triangle_CustomMesh.swift */; };
		EB3D12D2217D10E900FD4CF6 /* Entities.swift in Sources */ = {isa = PBXBuildFile; fileRef = EB3D12D1217D10E900FD4CF6 /* Entities.swift */; };
		EB3D12E0217D1D6900FD4CF6 /* SceneManager.swift in Sources */ = {isa = PBXBuildFile; fileRef = EB3D12DF217D1D6900FD4CF6 /* SceneManager.swift */; };
		EB3D12E4217D1DE600FD4CF6 /* Scene.swift in Sources */ = {isa = PBXBuildFile; fileRef = EB3D12E3217D1DE600FD4CF6 /* Scene.swift */; };
		EB3D12E7217D1F5200FD4CF6 /* PlaygroundScene.swift in Sources */ = {isa = PBXBuildFile; fileRef = EB3D12E6217D1F5200FD4CF6 /* PlaygroundScene.swift */; };
		EB3D12E9217D207100FD4CF6 /* GameHandler.swift in Sources */ = {isa = PBXBuildFile; fileRef = EB3D12E8217D207100FD4CF6 /* GameHandler.swift */; };
		EB3D12EC217D24B800FD4CF6 /* Triangle.swift in Sources */ = {isa = PBXBuildFile; fileRef = EB3D12EB217D24B800FD4CF6 /* Triangle.swift */; };
		EB3D12F1217D257900FD4CF6 /* Math.swift in Sources */ = {isa = PBXBuildFile; fileRef = EB3D12F0217D257900FD4CF6 /* Math.swift */; };
		EB3D12F4217D28E300FD4CF6 /* matrix_float4x4.swift in Sources */ = {isa = PBXBuildFile; fileRef = EB3D12F3217D28E300FD4CF6 /* matrix_float4x4.swift */; };
		EB3D12F8217D2EC700FD4CF6 /* GameTime.swift in Sources */ = {isa = PBXBuildFile; fileRef = EB3D12F7217D2EC700FD4CF6 /* GameTime.swift */; };
		EB3D12FC217D352400FD4CF6 /* Camera.swift in Sources */ = {isa = PBXBuildFile; fileRef = EB3D12FB217D352400FD4CF6 /* Camera.swift */; };
		EB3D1300217D3A7300FD4CF6 /* Camera_Debug.swift in Sources */ = {isa = PBXBuildFile; fileRef = EB3D12FF217D3A7300FD4CF6 /* Camera_Debug.swift */; };
		EB3D1302217D43E200FD4CF6 /* DepthStencilStateLibrary.swift in Sources */ = {isa = PBXBuildFile; fileRef = EB3D1301217D43E200FD4CF6 /* DepthStencilStateLibrary.swift */; };
		EB3D1308217D49DF00FD4CF6 /* GameView.swift in Sources */ = {isa = PBXBuildFile; fileRef = EB3D1307217D49DF00FD4CF6 /* GameView.swift */; };
/* End PBXBuildFile section */

/* Begin PBXContainerItemProxy section */
		EB3D127D217A9EBF00FD4CF6 /* PBXContainerItemProxy */ = {
			isa = PBXContainerItemProxy;
			containerPortal = EB3D1262217A9EBE00FD4CF6 /* Project object */;
			proxyType = 1;
			remoteGlobalIDString = EB3D1269217A9EBE00FD4CF6;
			remoteInfo = "The-Dark-Place";
		};
/* End PBXContainerItemProxy section */

/* Begin PBXFileReference section */
		EB3D126A217A9EBE00FD4CF6 /* The-Dark-Place.app */ = {isa = PBXFileReference; explicitFileType = wrapper.application; includeInIndex = 0; path = "The-Dark-Place.app"; sourceTree = BUILT_PRODUCTS_DIR; };
		EB3D126D217A9EBE00FD4CF6 /* AppDelegate.swift */ = {isa = PBXFileReference; lastKnownFileType = sourcecode.swift; path = AppDelegate.swift; sourceTree = "<group>"; };
		EB3D1271217A9EBF00FD4CF6 /* Assets.xcassets */ = {isa = PBXFileReference; lastKnownFileType = folder.assetcatalog; path = Assets.xcassets; sourceTree = "<group>"; };
		EB3D1274217A9EBF00FD4CF6 /* Base */ = {isa = PBXFileReference; lastKnownFileType = file.storyboard; name = Base; path = Base.lproj/Main.storyboard; sourceTree = "<group>"; };
		EB3D1276217A9EBF00FD4CF6 /* Info.plist */ = {isa = PBXFileReference; lastKnownFileType = text.plist.xml; path = Info.plist; sourceTree = "<group>"; };
		EB3D1277217A9EBF00FD4CF6 /* The_Dark_Place.entitlements */ = {isa = PBXFileReference; lastKnownFileType = text.plist.entitlements; path = The_Dark_Place.entitlements; sourceTree = "<group>"; };
		EB3D127C217A9EBF00FD4CF6 /* The-Dark-PlaceTests.xctest */ = {isa = PBXFileReference; explicitFileType = wrapper.cfbundle; includeInIndex = 0; path = "The-Dark-PlaceTests.xctest"; sourceTree = BUILT_PRODUCTS_DIR; };
		EB3D1280217A9EBF00FD4CF6 /* The_Dark_PlaceTests.swift */ = {isa = PBXFileReference; lastKnownFileType = sourcecode.swift; path = The_Dark_PlaceTests.swift; sourceTree = "<group>"; };
		EB3D1282217A9EBF00FD4CF6 /* Info.plist */ = {isa = PBXFileReference; lastKnownFileType = text.plist.xml; path = Info.plist; sourceTree = "<group>"; };
		EB3D128D217AAEED00FD4CF6 /* MainView.swift */ = {isa = PBXFileReference; lastKnownFileType = sourcecode.swift; path = MainView.swift; sourceTree = "<group>"; };
		EB3D128F217AB6CB00FD4CF6 /* Renderer.swift */ = {isa = PBXFileReference; lastKnownFileType = sourcecode.swift; path = Renderer.swift; sourceTree = "<group>"; };
		EB3D1292217AB76E00FD4CF6 /* DarkEngine.swift */ = {isa = PBXFileReference; lastKnownFileType = sourcecode.swift; path = DarkEngine.swift; sourceTree = "<group>"; };
		EB3D1295217AB95D00FD4CF6 /* Colors.swift */ = {isa = PBXFileReference; lastKnownFileType = sourcecode.swift; path = Colors.swift; sourceTree = "<group>"; };
		EB3D1298217AC49000FD4CF6 /* Types.swift */ = {isa = PBXFileReference; lastKnownFileType = sourcecode.swift; path = Types.swift; sourceTree = "<group>"; };
		EB3D129B217ACA6400FD4CF6 /* MetalShaders.metal */ = {isa = PBXFileReference; lastKnownFileType = sourcecode.metal; path = MetalShaders.metal; sourceTree = "<group>"; };
		EB3D129F217AD24800FD4CF6 /* RenderPipelineStateLibrary.swift */ = {isa = PBXFileReference; lastKnownFileType = sourcecode.swift; path = RenderPipelineStateLibrary.swift; sourceTree = "<group>"; };
		EB3D12A7217AD94D00FD4CF6 /* Library.swift */ = {isa = PBXFileReference; lastKnownFileType = sourcecode.swift; path = Library.swift; sourceTree = "<group>"; };
		EB3D12A9217ADFB100FD4CF6 /* Graphics.swift */ = {isa = PBXFileReference; lastKnownFileType = sourcecode.swift; path = Graphics.swift; sourceTree = "<group>"; };
		EB3D12AC217AE37000FD4CF6 /* RenderPipelineDescriptorLibrary.swift */ = {isa = PBXFileReference; lastKnownFileType = sourcecode.swift; path = RenderPipelineDescriptorLibrary.swift; sourceTree = "<group>"; };
		EB3D12AE217AE6DB00FD4CF6 /* VertexDescriptorLibrary.swift */ = {isa = PBXFileReference; lastKnownFileType = sourcecode.swift; path = VertexDescriptorLibrary.swift; sourceTree = "<group>"; };
		EB3D12B0217AEA4100FD4CF6 /* VertexShaderLibrary.swift */ = {isa = PBXFileReference; lastKnownFileType = sourcecode.swift; path = VertexShaderLibrary.swift; sourceTree = "<group>"; };
		EB3D12B2217AED9100FD4CF6 /* FragmentShaderLibrary.swift */ = {isa = PBXFileReference; lastKnownFileType = sourcecode.swift; path = FragmentShaderLibrary.swift; sourceTree = "<group>"; };
		EB3D12B5217AF22A00FD4CF6 /* Node.swift */ = {isa = PBXFileReference; lastKnownFileType = sourcecode.swift; path = Node.swift; sourceTree = "<group>"; };
		EB3D12B8217AF2C200FD4CF6 /* Renderable.swift */ = {isa = PBXFileReference; lastKnownFileType = sourcecode.swift; path = Renderable.swift; sourceTree = "<group>"; };
		EB3D12BB217AF34C00FD4CF6 /* CustomGameObject.swift */ = {isa = PBXFileReference; lastKnownFileType = sourcecode.swift; path = CustomGameObject.swift; sourceTree = "<group>"; };
		EB3D12BE217D09FD00FD4CF6 /* CustomMeshLibrary.swift */ = {isa = PBXFileReference; lastKnownFileType = sourcecode.swift; path = CustomMeshLibrary.swift; sourceTree = "<group>"; };
		EB3D12CA217D0DD000FD4CF6 /* CustomMesh.swift */ = {isa = PBXFileReference; lastKnownFileType = sourcecode.swift; path = CustomMesh.swift; sourceTree = "<group>"; };
		EB3D12CC217D0E7700FD4CF6 /* Mesh.swift */ = {isa = PBXFileReference; lastKnownFileType = sourcecode.swift; path = Mesh.swift; sourceTree = "<group>"; };
		EB3D12CE217D0EA100FD4CF6 /* Triangle_CustomMesh.swift */ = {isa = PBXFileReference; lastKnownFileType = sourcecode.swift; path = Triangle_CustomMesh.swift; sourceTree = "<group>"; };
		EB3D12D1217D10E900FD4CF6 /* Entities.swift */ = {isa = PBXFileReference; lastKnownFileType = sourcecode.swift; path = Entities.swift; sourceTree = "<group>"; };
		EB3D12DF217D1D6900FD4CF6 /* SceneManager.swift */ = {isa = PBXFileReference; lastKnownFileType = sourcecode.swift; path = SceneManager.swift; sourceTree = "<group>"; };
		EB3D12E3217D1DE600FD4CF6 /* Scene.swift */ = {isa = PBXFileReference; lastKnownFileType = sourcecode.swift; path = Scene.swift; sourceTree = "<group>"; };
		EB3D12E6217D1F5200FD4CF6 /* PlaygroundScene.swift */ = {isa = PBXFileReference; lastKnownFileType = sourcecode.swift; path = PlaygroundScene.swift; sourceTree = "<group>"; };
		EB3D12E8217D207100FD4CF6 /* GameHandler.swift */ = {isa = PBXFileReference; lastKnownFileType = sourcecode.swift; path = GameHandler.swift; sourceTree = "<group>"; };
		EB3D12EB217D24B800FD4CF6 /* Triangle.swift */ = {isa = PBXFileReference; lastKnownFileType = sourcecode.swift; path = Triangle.swift; sourceTree = "<group>"; };
		EB3D12F0217D257900FD4CF6 /* Math.swift */ = {isa = PBXFileReference; lastKnownFileType = sourcecode.swift; path = Math.swift; sourceTree = "<group>"; };
		EB3D12F3217D28E300FD4CF6 /* matrix_float4x4.swift */ = {isa = PBXFileReference; lastKnownFileType = sourcecode.swift; path = matrix_float4x4.swift; sourceTree = "<group>"; };
		EB3D12F7217D2EC700FD4CF6 /* GameTime.swift */ = {isa = PBXFileReference; lastKnownFileType = sourcecode.swift; path = GameTime.swift; sourceTree = "<group>"; };
		EB3D12FB217D352400FD4CF6 /* Camera.swift */ = {isa = PBXFileReference; lastKnownFileType = sourcecode.swift; path = Camera.swift; sourceTree = "<group>"; };
		EB3D12FF217D3A7300FD4CF6 /* Camera_Debug.swift */ = {isa = PBXFileReference; lastKnownFileType = sourcecode.swift; path = Camera_Debug.swift; sourceTree = "<group>"; };
		EB3D1301217D43E200FD4CF6 /* DepthStencilStateLibrary.swift */ = {isa = PBXFileReference; lastKnownFileType = sourcecode.swift; path = DepthStencilStateLibrary.swift; sourceTree = "<group>"; };
		EB3D1307217D49DF00FD4CF6 /* GameView.swift */ = {isa = PBXFileReference; lastKnownFileType = sourcecode.swift; path = GameView.swift; sourceTree = "<group>"; };
/* End PBXFileReference section */

/* Begin PBXFrameworksBuildPhase section */
		EB3D1267217A9EBE00FD4CF6 /* Frameworks */ = {
			isa = PBXFrameworksBuildPhase;
			buildActionMask = 2147483647;
			files = (
			);
			runOnlyForDeploymentPostprocessing = 0;
		};
		EB3D1279217A9EBF00FD4CF6 /* Frameworks */ = {
			isa = PBXFrameworksBuildPhase;
			buildActionMask = 2147483647;
			files = (
			);
			runOnlyForDeploymentPostprocessing = 0;
		};
/* End PBXFrameworksBuildPhase section */

/* Begin PBXGroup section */
		EB3D1261217A9EBE00FD4CF6 = {
			isa = PBXGroup;
			children = (
				EB3D126C217A9EBE00FD4CF6 /* The-Dark-Place */,
				EB3D127F217A9EBF00FD4CF6 /* The-Dark-PlaceTests */,
				EB3D126B217A9EBE00FD4CF6 /* Products */,
			);
			sourceTree = "<group>";
		};
		EB3D126B217A9EBE00FD4CF6 /* Products */ = {
			isa = PBXGroup;
			children = (
				EB3D126A217A9EBE00FD4CF6 /* The-Dark-Place.app */,
				EB3D127C217A9EBF00FD4CF6 /* The-Dark-PlaceTests.xctest */,
			);
			name = Products;
			sourceTree = "<group>";
		};
		EB3D126C217A9EBE00FD4CF6 /* The-Dark-Place */ = {
			isa = PBXGroup;
			children = (
				EB3D1291217AB76200FD4CF6 /* Core */,
				EB3D12EA217D230500FD4CF6 /* Handlers */,
				EB3D12DE217D1D5B00FD4CF6 /* Managers */,
				EB3D12C0217D0ACD00FD4CF6 /* Entities */,
				EB3D129E217AD21100FD4CF6 /* Graphics */,
				EB3D12B4217AF21300FD4CF6 /* Game */,
				EB3D1294217AB95000FD4CF6 /* Utils */,
				EB3D128C217AAEC000FD4CF6 /* Display */,
				EB3D128B217A9FF000FD4CF6 /* OtherFiles */,
			);
			path = "The-Dark-Place";
			sourceTree = "<group>";
		};
		EB3D127F217A9EBF00FD4CF6 /* The-Dark-PlaceTests */ = {
			isa = PBXGroup;
			children = (
				EB3D1280217A9EBF00FD4CF6 /* The_Dark_PlaceTests.swift */,
				EB3D1282217A9EBF00FD4CF6 /* Info.plist */,
			);
			path = "The-Dark-PlaceTests";
			sourceTree = "<group>";
		};
		EB3D128B217A9FF000FD4CF6 /* OtherFiles */ = {
			isa = PBXGroup;
			children = (
				EB3D126D217A9EBE00FD4CF6 /* AppDelegate.swift */,
				EB3D1271217A9EBF00FD4CF6 /* Assets.xcassets */,
				EB3D1273217A9EBF00FD4CF6 /* Main.storyboard */,
				EB3D1276217A9EBF00FD4CF6 /* Info.plist */,
				EB3D1277217A9EBF00FD4CF6 /* The_Dark_Place.entitlements */,
			);
			path = OtherFiles;
			sourceTree = "<group>";
		};
		EB3D128C217AAEC000FD4CF6 /* Display */ = {
			isa = PBXGroup;
			children = (
				EB3D128F217AB6CB00FD4CF6 /* Renderer.swift */,
				EB3D128D217AAEED00FD4CF6 /* MainView.swift */,
			);
			path = Display;
			sourceTree = "<group>";
		};
		EB3D1291217AB76200FD4CF6 /* Core */ = {
			isa = PBXGroup;
			children = (
				EB3D1292217AB76E00FD4CF6 /* DarkEngine.swift */,
				EB3D12F7217D2EC700FD4CF6 /* GameTime.swift */,
				EB3D1298217AC49000FD4CF6 /* Types.swift */,
				EB3D1307217D49DF00FD4CF6 /* GameView.swift */,
			);
			path = Core;
			sourceTree = "<group>";
		};
		EB3D1294217AB95000FD4CF6 /* Utils */ = {
			isa = PBXGroup;
			children = (
				EB3D1295217AB95D00FD4CF6 /* Colors.swift */,
				EB3D12F0217D257900FD4CF6 /* Math.swift */,
				EB3D12FD217D353400FD4CF6 /* types */,
				EB3D12F2217D28CD00FD4CF6 /* extensions */,
			);
			path = Utils;
			sourceTree = "<group>";
		};
		EB3D129A217ACA5100FD4CF6 /* shaders */ = {
			isa = PBXGroup;
			children = (
				EB3D129B217ACA6400FD4CF6 /* MetalShaders.metal */,
			);
			path = shaders;
			sourceTree = "<group>";
		};
		EB3D129D217AD20300FD4CF6 /* libraries */ = {
			isa = PBXGroup;
			children = (
				EB3D12B0217AEA4100FD4CF6 /* VertexShaderLibrary.swift */,
				EB3D12B2217AED9100FD4CF6 /* FragmentShaderLibrary.swift */,
				EB3D12AE217AE6DB00FD4CF6 /* VertexDescriptorLibrary.swift */,
				EB3D12AC217AE37000FD4CF6 /* RenderPipelineDescriptorLibrary.swift */,
				EB3D129F217AD24800FD4CF6 /* RenderPipelineStateLibrary.swift */,
				EB3D1301217D43E200FD4CF6 /* DepthStencilStateLibrary.swift */,
			);
			path = libraries;
			sourceTree = "<group>";
		};
		EB3D129E217AD21100FD4CF6 /* Graphics */ = {
			isa = PBXGroup;
			children = (
				EB3D12A9217ADFB100FD4CF6 /* Graphics.swift */,
				EB3D129D217AD20300FD4CF6 /* libraries */,
				EB3D129A217ACA5100FD4CF6 /* shaders */,
			);
			path = Graphics;
			sourceTree = "<group>";
		};
		EB3D12B4217AF21300FD4CF6 /* Game */ = {
			isa = PBXGroup;
			children = (
				EB3D12B5217AF22A00FD4CF6 /* Node.swift */,
				EB3D12FE217D3A5500FD4CF6 /* cameras */,
				EB3D12E5217D1DE900FD4CF6 /* scenes */,
				EB3D12BA217AF32100FD4CF6 /* game-objects */,
			);
			path = Game;
			sourceTree = "<group>";
		};
		EB3D12B7217AF2B300FD4CF6 /* protocols */ = {
			isa = PBXGroup;
			children = (
				EB3D12B8217AF2C200FD4CF6 /* Renderable.swift */,
			);
			path = protocols;
			sourceTree = "<group>";
		};
		EB3D12BA217AF32100FD4CF6 /* game-objects */ = {
			isa = PBXGroup;
			children = (
				EB3D12EE217D24CA00FD4CF6 /* types */,
				EB3D12ED217D24BE00FD4CF6 /* objects */,
				EB3D12B7217AF2B300FD4CF6 /* protocols */,
			);
			path = "game-objects";
			sourceTree = "<group>";
		};
		EB3D12C0217D0ACD00FD4CF6 /* Entities */ = {
			isa = PBXGroup;
			children = (
				EB3D12D1217D10E900FD4CF6 /* Entities.swift */,
				EB3D12C3217D0AEF00FD4CF6 /* libraries */,
				EB3D12C9217D0DB400FD4CF6 /* meshes */,
			);
			path = Entities;
			sourceTree = "<group>";
		};
		EB3D12C3217D0AEF00FD4CF6 /* libraries */ = {
			isa = PBXGroup;
			children = (
				EB3D12BE217D09FD00FD4CF6 /* CustomMeshLibrary.swift */,
			);
			path = libraries;
			sourceTree = "<group>";
		};
		EB3D12C9217D0DB400FD4CF6 /* meshes */ = {
			isa = PBXGroup;
			children = (
				EB3D12CC217D0E7700FD4CF6 /* Mesh.swift */,
				EB3D12D0217D0EA800FD4CF6 /* custom-meshes */,
			);
			path = meshes;
			sourceTree = "<group>";
		};
		EB3D12D0217D0EA800FD4CF6 /* custom-meshes */ = {
			isa = PBXGroup;
			children = (
				EB3D12CA217D0DD000FD4CF6 /* CustomMesh.swift */,
				EB3D12CE217D0EA100FD4CF6 /* Triangle_CustomMesh.swift */,
			);
			path = "custom-meshes";
			sourceTree = "<group>";
		};
		EB3D12DE217D1D5B00FD4CF6 /* Managers */ = {
			isa = PBXGroup;
			children = (
				EB3D12DF217D1D6900FD4CF6 /* SceneManager.swift */,
			);
			path = Managers;
			sourceTree = "<group>";
		};
		EB3D12E5217D1DE900FD4CF6 /* scenes */ = {
			isa = PBXGroup;
			children = (
				EB3D12E3217D1DE600FD4CF6 /* Scene.swift */,
				EB3D12E6217D1F5200FD4CF6 /* PlaygroundScene.swift */,
			);
			path = scenes;
			sourceTree = "<group>";
		};
		EB3D12EA217D230500FD4CF6 /* Handlers */ = {
			isa = PBXGroup;
			children = (
				EB3D12E8217D207100FD4CF6 /* GameHandler.swift */,
			);
			path = Handlers;
			sourceTree = "<group>";
		};
		EB3D12ED217D24BE00FD4CF6 /* objects */ = {
			isa = PBXGroup;
			children = (
				EB3D12EF217D24DC00FD4CF6 /* custom-game-objects */,
			);
			path = objects;
			sourceTree = "<group>";
		};
		EB3D12EE217D24CA00FD4CF6 /* types */ = {
			isa = PBXGroup;
			children = (
				EB3D12BB217AF34C00FD4CF6 /* CustomGameObject.swift */,
			);
			path = types;
			sourceTree = "<group>";
		};
		EB3D12EF217D24DC00FD4CF6 /* custom-game-objects */ = {
			isa = PBXGroup;
			children = (
				EB3D12EB217D24B800FD4CF6 /* Triangle.swift */,
			);
			path = "custom-game-objects";
			sourceTree = "<group>";
		};
		EB3D12F2217D28CD00FD4CF6 /* extensions */ = {
			isa = PBXGroup;
			children = (
				EB3D12F3217D28E300FD4CF6 /* matrix_float4x4.swift */,
			);
			path = extensions;
			sourceTree = "<group>";
		};
		EB3D12FD217D353400FD4CF6 /* types */ = {
			isa = PBXGroup;
			children = (
				EB3D12A7217AD94D00FD4CF6 /* Library.swift */,
			);
			path = types;
			sourceTree = "<group>";
		};
		EB3D12FE217D3A5500FD4CF6 /* cameras */ = {
			isa = PBXGroup;
			children = (
				EB3D12FB217D352400FD4CF6 /* Camera.swift */,
				EB3D12FF217D3A7300FD4CF6 /* Camera_Debug.swift */,
			);
			path = cameras;
			sourceTree = "<group>";
		};
/* End PBXGroup section */

/* Begin PBXNativeTarget section */
		EB3D1269217A9EBE00FD4CF6 /* The-Dark-Place */ = {
			isa = PBXNativeTarget;
			buildConfigurationList = EB3D1285217A9EBF00FD4CF6 /* Build configuration list for PBXNativeTarget "The-Dark-Place" */;
			buildPhases = (
				EB3D1266217A9EBE00FD4CF6 /* Sources */,
				EB3D1267217A9EBE00FD4CF6 /* Frameworks */,
				EB3D1268217A9EBE00FD4CF6 /* Resources */,
			);
			buildRules = (
			);
			dependencies = (
			);
			name = "The-Dark-Place";
			productName = "The-Dark-Place";
			productReference = EB3D126A217A9EBE00FD4CF6 /* The-Dark-Place.app */;
			productType = "com.apple.product-type.application";
		};
		EB3D127B217A9EBF00FD4CF6 /* The-Dark-PlaceTests */ = {
			isa = PBXNativeTarget;
			buildConfigurationList = EB3D1288217A9EBF00FD4CF6 /* Build configuration list for PBXNativeTarget "The-Dark-PlaceTests" */;
			buildPhases = (
				EB3D1278217A9EBF00FD4CF6 /* Sources */,
				EB3D1279217A9EBF00FD4CF6 /* Frameworks */,
				EB3D127A217A9EBF00FD4CF6 /* Resources */,
			);
			buildRules = (
			);
			dependencies = (
				EB3D127E217A9EBF00FD4CF6 /* PBXTargetDependency */,
			);
			name = "The-Dark-PlaceTests";
			productName = "The-Dark-PlaceTests";
			productReference = EB3D127C217A9EBF00FD4CF6 /* The-Dark-PlaceTests.xctest */;
			productType = "com.apple.product-type.bundle.unit-test";
		};
/* End PBXNativeTarget section */

/* Begin PBXProject section */
		EB3D1262217A9EBE00FD4CF6 /* Project object */ = {
			isa = PBXProject;
			attributes = {
				LastSwiftUpdateCheck = 1000;
				LastUpgradeCheck = 1000;
				ORGANIZATIONNAME = 2etime;
				TargetAttributes = {
					EB3D1269217A9EBE00FD4CF6 = {
						CreatedOnToolsVersion = 10.0;
					};
					EB3D127B217A9EBF00FD4CF6 = {
						CreatedOnToolsVersion = 10.0;
						TestTargetID = EB3D1269217A9EBE00FD4CF6;
					};
				};
			};
			buildConfigurationList = EB3D1265217A9EBE00FD4CF6 /* Build configuration list for PBXProject "The-Dark-Place" */;
			compatibilityVersion = "Xcode 9.3";
			developmentRegion = en;
			hasScannedForEncodings = 0;
			knownRegions = (
				en,
				Base,
			);
			mainGroup = EB3D1261217A9EBE00FD4CF6;
			productRefGroup = EB3D126B217A9EBE00FD4CF6 /* Products */;
			projectDirPath = "";
			projectRoot = "";
			targets = (
				EB3D1269217A9EBE00FD4CF6 /* The-Dark-Place */,
				EB3D127B217A9EBF00FD4CF6 /* The-Dark-PlaceTests */,
			);
		};
/* End PBXProject section */

/* Begin PBXResourcesBuildPhase section */
		EB3D1268217A9EBE00FD4CF6 /* Resources */ = {
			isa = PBXResourcesBuildPhase;
			buildActionMask = 2147483647;
			files = (
				EB3D1272217A9EBF00FD4CF6 /* Assets.xcassets in Resources */,
				EB3D1275217A9EBF00FD4CF6 /* Main.storyboard in Resources */,
			);
			runOnlyForDeploymentPostprocessing = 0;
		};
		EB3D127A217A9EBF00FD4CF6 /* Resources */ = {
			isa = PBXResourcesBuildPhase;
			buildActionMask = 2147483647;
			files = (
			);
			runOnlyForDeploymentPostprocessing = 0;
		};
/* End PBXResourcesBuildPhase section */

/* Begin PBXSourcesBuildPhase section */
		EB3D1266217A9EBE00FD4CF6 /* Sources */ = {
			isa = PBXSourcesBuildPhase;
			buildActionMask = 2147483647;
			files = (
				EB3D12F8217D2EC700FD4CF6 /* GameTime.swift in Sources */,
				EB3D12B3217AED9100FD4CF6 /* FragmentShaderLibrary.swift in Sources */,
				EB3D12E9217D207100FD4CF6 /* GameHandler.swift in Sources */,
				EB3D128E217AAEED00FD4CF6 /* MainView.swift in Sources */,
				EB3D12F1217D257900FD4CF6 /* Math.swift in Sources */,
				EB3D12E4217D1DE600FD4CF6 /* Scene.swift in Sources */,
				EB3D1293217AB76E00FD4CF6 /* DarkEngine.swift in Sources */,
				EB3D129C217ACA6400FD4CF6 /* MetalShaders.metal in Sources */,
				EB3D12CB217D0DD000FD4CF6 /* CustomMesh.swift in Sources */,
				EB3D126E217A9EBE00FD4CF6 /* AppDelegate.swift in Sources */,
				EB3D12E7217D1F5200FD4CF6 /* PlaygroundScene.swift in Sources */,
				EB3D12CF217D0EA100FD4CF6 /* Triangle_CustomMesh.swift in Sources */,
				EB3D1299217AC49000FD4CF6 /* Types.swift in Sources */,
				EB3D12BF217D09FD00FD4CF6 /* CustomMeshLibrary.swift in Sources */,
				EB3D12B6217AF22A00FD4CF6 /* Node.swift in Sources */,
				EB3D12FC217D352400FD4CF6 /* Camera.swift in Sources */,
				EB3D12D2217D10E900FD4CF6 /* Entities.swift in Sources */,
				EB3D12AA217ADFB100FD4CF6 /* Graphics.swift in Sources */,
				EB3D12BC217AF34C00FD4CF6 /* CustomGameObject.swift in Sources */,
				EB3D12AF217AE6DB00FD4CF6 /* VertexDescriptorLibrary.swift in Sources */,
				EB3D1296217AB95D00FD4CF6 /* Colors.swift in Sources */,
				EB3D12A0217AD24800FD4CF6 /* RenderPipelineStateLibrary.swift in Sources */,
				EB3D1308217D49DF00FD4CF6 /* GameView.swift in Sources */,
				EB3D12E0217D1D6900FD4CF6 /* SceneManager.swift in Sources */,
				EB3D12F4217D28E300FD4CF6 /* matrix_float4x4.swift in Sources */,
				EB3D12CD217D0E7700FD4CF6 /* Mesh.swift in Sources */,
				EB3D12EC217D24B800FD4CF6 /* Triangle.swift in Sources */,
				EB3D12A8217AD94D00FD4CF6 /* Library.swift in Sources */,
				EB3D12AD217AE37000FD4CF6 /* RenderPipelineDescriptorLibrary.swift in Sources */,
				EB3D1300217D3A7300FD4CF6 /* Camera_Debug.swift in Sources */,
				EB3D1302217D43E200FD4CF6 /* DepthStencilStateLibrary.swift in Sources */,
				EB3D12B1217AEA4100FD4CF6 /* VertexShaderLibrary.swift in Sources */,
				EB3D1290217AB6CB00FD4CF6 /* Renderer.swift in Sources */,
				EB3D12B9217AF2C200FD4CF6 /* Renderable.swift in Sources */,
			);
			runOnlyForDeploymentPostprocessing = 0;
		};
		EB3D1278217A9EBF00FD4CF6 /* Sources */ = {
			isa = PBXSourcesBuildPhase;
			buildActionMask = 2147483647;
			files = (
				EB3D1281217A9EBF00FD4CF6 /* The_Dark_PlaceTests.swift in Sources */,
			);
			runOnlyForDeploymentPostprocessing = 0;
		};
/* End PBXSourcesBuildPhase section */

/* Begin PBXTargetDependency section */
		EB3D127E217A9EBF00FD4CF6 /* PBXTargetDependency */ = {
			isa = PBXTargetDependency;
			target = EB3D1269217A9EBE00FD4CF6 /* The-Dark-Place */;
			targetProxy = EB3D127D217A9EBF00FD4CF6 /* PBXContainerItemProxy */;
		};
/* End PBXTargetDependency section */

/* Begin PBXVariantGroup section */
		EB3D1273217A9EBF00FD4CF6 /* Main.storyboard */ = {
			isa = PBXVariantGroup;
			children = (
				EB3D1274217A9EBF00FD4CF6 /* Base */,
			);
			name = Main.storyboard;
			sourceTree = "<group>";
		};
/* End PBXVariantGroup section */

/* Begin XCBuildConfiguration section */
		EB3D1283217A9EBF00FD4CF6 /* Debug */ = {
			isa = XCBuildConfiguration;
			buildSettings = {
				ALWAYS_SEARCH_USER_PATHS = NO;
				CLANG_ANALYZER_NONNULL = YES;
				CLANG_ANALYZER_NUMBER_OBJECT_CONVERSION = YES_AGGRESSIVE;
				CLANG_CXX_LANGUAGE_STANDARD = "gnu++14";
				CLANG_CXX_LIBRARY = "libc++";
				CLANG_ENABLE_MODULES = YES;
				CLANG_ENABLE_OBJC_ARC = YES;
				CLANG_ENABLE_OBJC_WEAK = YES;
				CLANG_WARN_BLOCK_CAPTURE_AUTORELEASING = YES;
				CLANG_WARN_BOOL_CONVERSION = YES;
				CLANG_WARN_COMMA = YES;
				CLANG_WARN_CONSTANT_CONVERSION = YES;
				CLANG_WARN_DEPRECATED_OBJC_IMPLEMENTATIONS = YES;
				CLANG_WARN_DIRECT_OBJC_ISA_USAGE = YES_ERROR;
				CLANG_WARN_DOCUMENTATION_COMMENTS = YES;
				CLANG_WARN_EMPTY_BODY = YES;
				CLANG_WARN_ENUM_CONVERSION = YES;
				CLANG_WARN_INFINITE_RECURSION = YES;
				CLANG_WARN_INT_CONVERSION = YES;
				CLANG_WARN_NON_LITERAL_NULL_CONVERSION = YES;
				CLANG_WARN_OBJC_IMPLICIT_RETAIN_SELF = YES;
				CLANG_WARN_OBJC_LITERAL_CONVERSION = YES;
				CLANG_WARN_OBJC_ROOT_CLASS = YES_ERROR;
				CLANG_WARN_RANGE_LOOP_ANALYSIS = YES;
				CLANG_WARN_STRICT_PROTOTYPES = YES;
				CLANG_WARN_SUSPICIOUS_MOVE = YES;
				CLANG_WARN_UNGUARDED_AVAILABILITY = YES_AGGRESSIVE;
				CLANG_WARN_UNREACHABLE_CODE = YES;
				CLANG_WARN__DUPLICATE_METHOD_MATCH = YES;
				CODE_SIGN_IDENTITY = "-";
				COPY_PHASE_STRIP = NO;
				DEBUG_INFORMATION_FORMAT = dwarf;
				ENABLE_STRICT_OBJC_MSGSEND = YES;
				ENABLE_TESTABILITY = YES;
				GCC_C_LANGUAGE_STANDARD = gnu11;
				GCC_DYNAMIC_NO_PIC = NO;
				GCC_NO_COMMON_BLOCKS = YES;
				GCC_OPTIMIZATION_LEVEL = 0;
				GCC_PREPROCESSOR_DEFINITIONS = (
					"DEBUG=1",
					"$(inherited)",
				);
				GCC_WARN_64_TO_32_BIT_CONVERSION = YES;
				GCC_WARN_ABOUT_RETURN_TYPE = YES_ERROR;
				GCC_WARN_UNDECLARED_SELECTOR = YES;
				GCC_WARN_UNINITIALIZED_AUTOS = YES_AGGRESSIVE;
				GCC_WARN_UNUSED_FUNCTION = YES;
				GCC_WARN_UNUSED_VARIABLE = YES;
				MACOSX_DEPLOYMENT_TARGET = 10.14;
				MTL_ENABLE_DEBUG_INFO = INCLUDE_SOURCE;
				MTL_FAST_MATH = YES;
				ONLY_ACTIVE_ARCH = YES;
				SDKROOT = macosx;
				SWIFT_ACTIVE_COMPILATION_CONDITIONS = DEBUG;
				SWIFT_OPTIMIZATION_LEVEL = "-Onone";
			};
			name = Debug;
		};
		EB3D1284217A9EBF00FD4CF6 /* Release */ = {
			isa = XCBuildConfiguration;
			buildSettings = {
				ALWAYS_SEARCH_USER_PATHS = NO;
				CLANG_ANALYZER_NONNULL = YES;
				CLANG_ANALYZER_NUMBER_OBJECT_CONVERSION = YES_AGGRESSIVE;
				CLANG_CXX_LANGUAGE_STANDARD = "gnu++14";
				CLANG_CXX_LIBRARY = "libc++";
				CLANG_ENABLE_MODULES = YES;
				CLANG_ENABLE_OBJC_ARC = YES;
				CLANG_ENABLE_OBJC_WEAK = YES;
				CLANG_WARN_BLOCK_CAPTURE_AUTORELEASING = YES;
				CLANG_WARN_BOOL_CONVERSION = YES;
				CLANG_WARN_COMMA = YES;
				CLANG_WARN_CONSTANT_CONVERSION = YES;
				CLANG_WARN_DEPRECATED_OBJC_IMPLEMENTATIONS = YES;
				CLANG_WARN_DIRECT_OBJC_ISA_USAGE = YES_ERROR;
				CLANG_WARN_DOCUMENTATION_COMMENTS = YES;
				CLANG_WARN_EMPTY_BODY = YES;
				CLANG_WARN_ENUM_CONVERSION = YES;
				CLANG_WARN_INFINITE_RECURSION = YES;
				CLANG_WARN_INT_CONVERSION = YES;
				CLANG_WARN_NON_LITERAL_NULL_CONVERSION = YES;
				CLANG_WARN_OBJC_IMPLICIT_RETAIN_SELF = YES;
				CLANG_WARN_OBJC_LITERAL_CONVERSION = YES;
				CLANG_WARN_OBJC_ROOT_CLASS = YES_ERROR;
				CLANG_WARN_RANGE_LOOP_ANALYSIS = YES;
				CLANG_WARN_STRICT_PROTOTYPES = YES;
				CLANG_WARN_SUSPICIOUS_MOVE = YES;
				CLANG_WARN_UNGUARDED_AVAILABILITY = YES_AGGRESSIVE;
				CLANG_WARN_UNREACHABLE_CODE = YES;
				CLANG_WARN__DUPLICATE_METHOD_MATCH = YES;
				CODE_SIGN_IDENTITY = "-";
				COPY_PHASE_STRIP = NO;
				DEBUG_INFORMATION_FORMAT = "dwarf-with-dsym";
				ENABLE_NS_ASSERTIONS = NO;
				ENABLE_STRICT_OBJC_MSGSEND = YES;
				GCC_C_LANGUAGE_STANDARD = gnu11;
				GCC_NO_COMMON_BLOCKS = YES;
				GCC_WARN_64_TO_32_BIT_CONVERSION = YES;
				GCC_WARN_ABOUT_RETURN_TYPE = YES_ERROR;
				GCC_WARN_UNDECLARED_SELECTOR = YES;
				GCC_WARN_UNINITIALIZED_AUTOS = YES_AGGRESSIVE;
				GCC_WARN_UNUSED_FUNCTION = YES;
				GCC_WARN_UNUSED_VARIABLE = YES;
				MACOSX_DEPLOYMENT_TARGET = 10.14;
				MTL_ENABLE_DEBUG_INFO = NO;
				MTL_FAST_MATH = YES;
				SDKROOT = macosx;
				SWIFT_COMPILATION_MODE = wholemodule;
				SWIFT_OPTIMIZATION_LEVEL = "-O";
			};
			name = Release;
		};
		EB3D1286217A9EBF00FD4CF6 /* Debug */ = {
			isa = XCBuildConfiguration;
			buildSettings = {
				ASSETCATALOG_COMPILER_APPICON_NAME = AppIcon;
				CODE_SIGN_ENTITLEMENTS = "The-Dark-Place/OtherFiles/The_Dark_Place.entitlements";
				CODE_SIGN_STYLE = Automatic;
				COMBINE_HIDPI_IMAGES = YES;
				INFOPLIST_FILE = "$(SRCROOT)/The-Dark-Place/OtherFiles/Info.plist";
				LD_RUNPATH_SEARCH_PATHS = (
					"$(inherited)",
					"@executable_path/../Frameworks",
				);
				PRODUCT_BUNDLE_IDENTIFIER = "net.ricktwohy.The-Dark-Place";
				PRODUCT_NAME = "$(TARGET_NAME)";
				SWIFT_VERSION = 4.2;
			};
			name = Debug;
		};
		EB3D1287217A9EBF00FD4CF6 /* Release */ = {
			isa = XCBuildConfiguration;
			buildSettings = {
				ASSETCATALOG_COMPILER_APPICON_NAME = AppIcon;
				CODE_SIGN_ENTITLEMENTS = "The-Dark-Place/OtherFiles/The_Dark_Place.entitlements";
				CODE_SIGN_STYLE = Automatic;
				COMBINE_HIDPI_IMAGES = YES;
				INFOPLIST_FILE = "$(SRCROOT)/The-Dark-Place/OtherFiles/Info.plist";
				LD_RUNPATH_SEARCH_PATHS = (
					"$(inherited)",
					"@executable_path/../Frameworks",
				);
				PRODUCT_BUNDLE_IDENTIFIER = "net.ricktwohy.The-Dark-Place";
				PRODUCT_NAME = "$(TARGET_NAME)";
				SWIFT_VERSION = 4.2;
			};
			name = Release;
		};
		EB3D1289217A9EBF00FD4CF6 /* Debug */ = {
			isa = XCBuildConfiguration;
			buildSettings = {
				ALWAYS_EMBED_SWIFT_STANDARD_LIBRARIES = YES;
				BUNDLE_LOADER = "$(TEST_HOST)";
				CODE_SIGN_STYLE = Automatic;
				COMBINE_HIDPI_IMAGES = YES;
				INFOPLIST_FILE = "The-Dark-PlaceTests/Info.plist";
				LD_RUNPATH_SEARCH_PATHS = (
					"$(inherited)",
					"@executable_path/../Frameworks",
					"@loader_path/../Frameworks",
				);
				PRODUCT_BUNDLE_IDENTIFIER = "net.ricktwohy.The-Dark-PlaceTests";
				PRODUCT_NAME = "$(TARGET_NAME)";
				SWIFT_VERSION = 4.2;
				TEST_HOST = "$(BUILT_PRODUCTS_DIR)/The-Dark-Place.app/Contents/MacOS/The-Dark-Place";
			};
			name = Debug;
		};
		EB3D128A217A9EBF00FD4CF6 /* Release */ = {
			isa = XCBuildConfiguration;
			buildSettings = {
				ALWAYS_EMBED_SWIFT_STANDARD_LIBRARIES = YES;
				BUNDLE_LOADER = "$(TEST_HOST)";
				CODE_SIGN_STYLE = Automatic;
				COMBINE_HIDPI_IMAGES = YES;
				INFOPLIST_FILE = "The-Dark-PlaceTests/Info.plist";
				LD_RUNPATH_SEARCH_PATHS = (
					"$(inherited)",
					"@executable_path/../Frameworks",
					"@loader_path/../Frameworks",
				);
				PRODUCT_BUNDLE_IDENTIFIER = "net.ricktwohy.The-Dark-PlaceTests";
				PRODUCT_NAME = "$(TARGET_NAME)";
				SWIFT_VERSION = 4.2;
				TEST_HOST = "$(BUILT_PRODUCTS_DIR)/The-Dark-Place.app/Contents/MacOS/The-Dark-Place";
			};
			name = Release;
		};
/* End XCBuildConfiguration section */

/* Begin XCConfigurationList section */
		EB3D1265217A9EBE00FD4CF6 /* Build configuration list for PBXProject "The-Dark-Place" */ = {
			isa = XCConfigurationList;
			buildConfigurations = (
				EB3D1283217A9EBF00FD4CF6 /* Debug */,
				EB3D1284217A9EBF00FD4CF6 /* Release */,
			);
			defaultConfigurationIsVisible = 0;
			defaultConfigurationName = Release;
		};
		EB3D1285217A9EBF00FD4CF6 /* Build configuration list for PBXNativeTarget "The-Dark-Place" */ = {
			isa = XCConfigurationList;
			buildConfigurations = (
				EB3D1286217A9EBF00FD4CF6 /* Debug */,
				EB3D1287217A9EBF00FD4CF6 /* Release */,
			);
			defaultConfigurationIsVisible = 0;
			defaultConfigurationName = Release;
		};
		EB3D1288217A9EBF00FD4CF6 /* Build configuration list for PBXNativeTarget "The-Dark-PlaceTests" */ = {
			isa = XCConfigurationList;
			buildConfigurations = (
				EB3D1289217A9EBF00FD4CF6 /* Debug */,
				EB3D128A217A9EBF00FD4CF6 /* Release */,
			);
			defaultConfigurationIsVisible = 0;
			defaultConfigurationName = Release;
		};
/* End XCConfigurationList section */
	};
	rootObject = EB3D1262217A9EBE00FD4CF6 /* Project object */;
}
